// !$*UTF8*$!
{
	archiveVersion = 1;
	classes = {
	};
	objectVersion = 56;
	objects = {

/* Begin PBXBuildFile section */
		4A24626F2C29297A00966E04 /* WordBrowserWithAsyncApp.swift in Sources */ = {isa = PBXBuildFile; fileRef = 4A24626E2C29297A00966E04 /* WordBrowserWithAsyncApp.swift */; };
		4A2462712C29297A00966E04 /* ContentView.swift in Sources */ = {isa = PBXBuildFile; fileRef = 4A2462702C29297A00966E04 /* ContentView.swift */; };
		4A2462732C29297B00966E04 /* Assets.xcassets in Resources */ = {isa = PBXBuildFile; fileRef = 4A2462722C29297B00966E04 /* Assets.xcassets */; };
		4A2462762C29297B00966E04 /* Preview Assets.xcassets in Resources */ = {isa = PBXBuildFile; fileRef = 4A2462752C29297B00966E04 /* Preview Assets.xcassets */; };
		4A24627F2C292E1800966E04 /* LibraryViewModel.swift in Sources */ = {isa = PBXBuildFile; fileRef = 4A24627E2C292E1800966E04 /* LibraryViewModel.swift */; };
		4A2462812C2935FF00966E04 /* AddWordView.swift in Sources */ = {isa = PBXBuildFile; fileRef = 4A2462802C2935FF00966E04 /* AddWordView.swift */; };
		4A2462832C293DDE00966E04 /* WordAPI.swift in Sources */ = {isa = PBXBuildFile; fileRef = 4A2462822C293DDE00966E04 /* WordAPI.swift */; };
		4A2462862C295B5D00966E04 /* WordDetailView.swift in Sources */ = {isa = PBXBuildFile; fileRef = 4A2462852C295B5D00966E04 /* WordDetailView.swift */; };
		4A2462882C295B6E00966E04 /* WordDetailViewModel.swift in Sources */ = {isa = PBXBuildFile; fileRef = 4A2462872C295B6E00966E04 /* WordDetailViewModel.swift */; };
/* End PBXBuildFile section */

/* Begin PBXFileReference section */
		4A24626B2C29297A00966E04 /* WordBrowserWithAsync.app */ = {isa = PBXFileReference; explicitFileType = wrapper.application; includeInIndex = 0; path = WordBrowserWithAsync.app; sourceTree = BUILT_PRODUCTS_DIR; };
		4A24626E2C29297A00966E04 /* WordBrowserWithAsyncApp.swift */ = {isa = PBXFileReference; lastKnownFileType = sourcecode.swift; path = WordBrowserWithAsyncApp.swift; sourceTree = "<group>"; };
		4A2462702C29297A00966E04 /* ContentView.swift */ = {isa = PBXFileReference; lastKnownFileType = sourcecode.swift; path = ContentView.swift; sourceTree = "<group>"; };
		4A2462722C29297B00966E04 /* Assets.xcassets */ = {isa = PBXFileReference; lastKnownFileType = folder.assetcatalog; path = Assets.xcassets; sourceTree = "<group>"; };
		4A2462752C29297B00966E04 /* Preview Assets.xcassets */ = {isa = PBXFileReference; lastKnownFileType = folder.assetcatalog; path = "Preview Assets.xcassets"; sourceTree = "<group>"; };
		4A24627C2C29299F00966E04 /* Config.xcconfig */ = {isa = PBXFileReference; lastKnownFileType = text.xcconfig; path = Config.xcconfig; sourceTree = "<group>"; };
		4A24627D2C292A6500966E04 /* Info.plist */ = {isa = PBXFileReference; lastKnownFileType = text.plist; path = Info.plist; sourceTree = "<group>"; };
		4A24627E2C292E1800966E04 /* LibraryViewModel.swift */ = {isa = PBXFileReference; lastKnownFileType = sourcecode.swift; path = LibraryViewModel.swift; sourceTree = "<group>"; };
		4A2462802C2935FF00966E04 /* AddWordView.swift */ = {isa = PBXFileReference; lastKnownFileType = sourcecode.swift; path = AddWordView.swift; sourceTree = "<group>"; };
		4A2462822C293DDE00966E04 /* WordAPI.swift */ = {isa = PBXFileReference; lastKnownFileType = sourcecode.swift; path = WordAPI.swift; sourceTree = "<group>"; };
		4A2462852C295B5D00966E04 /* WordDetailView.swift */ = {isa = PBXFileReference; lastKnownFileType = sourcecode.swift; path = WordDetailView.swift; sourceTree = "<group>"; };
		4A2462872C295B6E00966E04 /* WordDetailViewModel.swift */ = {isa = PBXFileReference; lastKnownFileType = sourcecode.swift; path = WordDetailViewModel.swift; sourceTree = "<group>"; };
/* End PBXFileReference section */

/* Begin PBXFrameworksBuildPhase section */
		4A2462682C29297900966E04 /* Frameworks */ = {
			isa = PBXFrameworksBuildPhase;
			buildActionMask = 2147483647;
			files = (
			);
			runOnlyForDeploymentPostprocessing = 0;
		};
/* End PBXFrameworksBuildPhase section */

/* Begin PBXGroup section */
		4A2462622C29297900966E04 = {
			isa = PBXGroup;
			children = (
				4A24626D2C29297A00966E04 /* WordBrowserWithAsync */,
				4A24626C2C29297A00966E04 /* Products */,
			);
			sourceTree = "<group>";
		};
		4A24626C2C29297A00966E04 /* Products */ = {
			isa = PBXGroup;
			children = (
				4A24626B2C29297A00966E04 /* WordBrowserWithAsync.app */,
			);
			name = Products;
			sourceTree = "<group>";
		};
		4A24626D2C29297A00966E04 /* WordBrowserWithAsync */ = {
			isa = PBXGroup;
			children = (
				4A24627D2C292A6500966E04 /* Info.plist */,
				4A24626E2C29297A00966E04 /* WordBrowserWithAsyncApp.swift */,
				4A2462702C29297A00966E04 /* ContentView.swift */,
				4A2462802C2935FF00966E04 /* AddWordView.swift */,
				4A2462852C295B5D00966E04 /* WordDetailView.swift */,
				4A2462872C295B6E00966E04 /* WordDetailViewModel.swift */,
				4A24627E2C292E1800966E04 /* LibraryViewModel.swift */,
				4A2462822C293DDE00966E04 /* WordAPI.swift */,
				4A2462722C29297B00966E04 /* Assets.xcassets */,
				4A24627C2C29299F00966E04 /* Config.xcconfig */,
				4A2462742C29297B00966E04 /* Preview Content */,
			);
			path = WordBrowserWithAsync;
			sourceTree = "<group>";
		};
		4A2462742C29297B00966E04 /* Preview Content */ = {
			isa = PBXGroup;
			children = (
				4A2462752C29297B00966E04 /* Preview Assets.xcassets */,
			);
			path = "Preview Content";
			sourceTree = "<group>";
		};
/* End PBXGroup section */

/* Begin PBXNativeTarget section */
		4A24626A2C29297900966E04 /* WordBrowserWithAsync */ = {
			isa = PBXNativeTarget;
			buildConfigurationList = 4A2462792C29297B00966E04 /* Build configuration list for PBXNativeTarget "WordBrowserWithAsync" */;
			buildPhases = (
				4A2462672C29297900966E04 /* Sources */,
				4A2462682C29297900966E04 /* Frameworks */,
				4A2462692C29297900966E04 /* Resources */,
			);
			buildRules = (
			);
			dependencies = (
			);
			name = WordBrowserWithAsync;
			productName = WordBrowserWithAsync;
			productReference = 4A24626B2C29297A00966E04 /* WordBrowserWithAsync.app */;
			productType = "com.apple.product-type.application";
		};
/* End PBXNativeTarget section */

/* Begin PBXProject section */
		4A2462632C29297900966E04 /* Project object */ = {
			isa = PBXProject;
			attributes = {
				BuildIndependentTargetsInParallel = 1;
				LastSwiftUpdateCheck = 1540;
				LastUpgradeCheck = 1540;
				TargetAttributes = {
					4A24626A2C29297900966E04 = {
						CreatedOnToolsVersion = 15.4;
					};
				};
			};
			buildConfigurationList = 4A2462662C29297900966E04 /* Build configuration list for PBXProject "WordBrowserWithAsync" */;
			compatibilityVersion = "Xcode 14.0";
			developmentRegion = en;
			hasScannedForEncodings = 0;
			knownRegions = (
				en,
				Base,
			);
			mainGroup = 4A2462622C29297900966E04;
			productRefGroup = 4A24626C2C29297A00966E04 /* Products */;
			projectDirPath = "";
			projectRoot = "";
			targets = (
				4A24626A2C29297900966E04 /* WordBrowserWithAsync */,
			);
		};
/* End PBXProject section */

/* Begin PBXResourcesBuildPhase section */
		4A2462692C29297900966E04 /* Resources */ = {
			isa = PBXResourcesBuildPhase;
			buildActionMask = 2147483647;
			files = (
				4A2462762C29297B00966E04 /* Preview Assets.xcassets in Resources */,
				4A2462732C29297B00966E04 /* Assets.xcassets in Resources */,
			);
			runOnlyForDeploymentPostprocessing = 0;
		};
/* End PBXResourcesBuildPhase section */

/* Begin PBXSourcesBuildPhase section */
		4A2462672C29297900966E04 /* Sources */ = {
			isa = PBXSourcesBuildPhase;
			buildActionMask = 2147483647;
			files = (
				4A2462812C2935FF00966E04 /* AddWordView.swift in Sources */,
				4A2462712C29297A00966E04 /* ContentView.swift in Sources */,
				4A24627F2C292E1800966E04 /* LibraryViewModel.swift in Sources */,
				4A2462862C295B5D00966E04 /* WordDetailView.swift in Sources */,
				4A24626F2C29297A00966E04 /* WordBrowserWithAsyncApp.swift in Sources */,
				4A2462882C295B6E00966E04 /* WordDetailViewModel.swift in Sources */,
				4A2462832C293DDE00966E04 /* WordAPI.swift in Sources */,
			);
			runOnlyForDeploymentPostprocessing = 0;
		};
/* End PBXSourcesBuildPhase section */

/* Begin XCBuildConfiguration section */
		4A2462772C29297B00966E04 /* Debug */ = {
			isa = XCBuildConfiguration;
			baseConfigurationReference = 4A24627C2C29299F00966E04 /* Config.xcconfig */;
			buildSettings = {
				ALWAYS_SEARCH_USER_PATHS = NO;
				ASSETCATALOG_COMPILER_GENERATE_SWIFT_ASSET_SYMBOL_EXTENSIONS = YES;
				CLANG_ANALYZER_NONNULL = YES;
				CLANG_ANALYZER_NUMBER_OBJECT_CONVERSION = YES_AGGRESSIVE;
				CLANG_CXX_LANGUAGE_STANDARD = "gnu++20";
				CLANG_ENABLE_MODULES = YES;
				CLANG_ENABLE_OBJC_ARC = YES;
				CLANG_ENABLE_OBJC_WEAK = YES;
				CLANG_WARN_BLOCK_CAPTURE_AUTORELEASING = YES;
				CLANG_WARN_BOOL_CONVERSION = YES;
				CLANG_WARN_COMMA = YES;
				CLANG_WARN_CONSTANT_CONVERSION = YES;
				CLANG_WARN_DEPRECATED_OBJC_IMPLEMENTATIONS = YES;
				CLANG_WARN_DIRECT_OBJC_ISA_USAGE = YES_ERROR;
				CLANG_WARN_DOCUMENTATION_COMMENTS = YES;
				CLANG_WARN_EMPTY_BODY = YES;
				CLANG_WARN_ENUM_CONVERSION = YES;
				CLANG_WARN_INFINITE_RECURSION = YES;
				CLANG_WARN_INT_CONVERSION = YES;
				CLANG_WARN_NON_LITERAL_NULL_CONVERSION = YES;
				CLANG_WARN_OBJC_IMPLICIT_RETAIN_SELF = YES;
				CLANG_WARN_OBJC_LITERAL_CONVERSION = YES;
				CLANG_WARN_OBJC_ROOT_CLASS = YES_ERROR;
				CLANG_WARN_QUOTED_INCLUDE_IN_FRAMEWORK_HEADER = YES;
				CLANG_WARN_RANGE_LOOP_ANALYSIS = YES;
				CLANG_WARN_STRICT_PROTOTYPES = YES;
				CLANG_WARN_SUSPICIOUS_MOVE = YES;
				CLANG_WARN_UNGUARDED_AVAILABILITY = YES_AGGRESSIVE;
				CLANG_WARN_UNREACHABLE_CODE = YES;
				CLANG_WARN__DUPLICATE_METHOD_MATCH = YES;
				COPY_PHASE_STRIP = NO;
				DEBUG_INFORMATION_FORMAT = dwarf;
				ENABLE_STRICT_OBJC_MSGSEND = YES;
				ENABLE_TESTABILITY = YES;
				ENABLE_USER_SCRIPT_SANDBOXING = YES;
				GCC_C_LANGUAGE_STANDARD = gnu17;
				GCC_DYNAMIC_NO_PIC = NO;
				GCC_NO_COMMON_BLOCKS = YES;
				GCC_OPTIMIZATION_LEVEL = 0;
				GCC_PREPROCESSOR_DEFINITIONS = (
					"DEBUG=1",
					"$(inherited)",
				);
				GCC_WARN_64_TO_32_BIT_CONVERSION = YES;
				GCC_WARN_ABOUT_RETURN_TYPE = YES_ERROR;
				GCC_WARN_UNDECLARED_SELECTOR = YES;
				GCC_WARN_UNINITIALIZED_AUTOS = YES_AGGRESSIVE;
				GCC_WARN_UNUSED_FUNCTION = YES;
				GCC_WARN_UNUSED_VARIABLE = YES;
				IPHONEOS_DEPLOYMENT_TARGET = 17.5;
				LOCALIZATION_PREFERS_STRING_CATALOGS = YES;
				MTL_ENABLE_DEBUG_INFO = INCLUDE_SOURCE;
				MTL_FAST_MATH = YES;
				ONLY_ACTIVE_ARCH = YES;
				SDKROOT = iphoneos;
				SWIFT_ACTIVE_COMPILATION_CONDITIONS = "DEBUG $(inherited)";
				SWIFT_OPTIMIZATION_LEVEL = "-Onone";
			};
			name = Debug;
		};
		4A2462782C29297B00966E04 /* Release */ = {
			isa = XCBuildConfiguration;
			baseConfigurationReference = 4A24627C2C29299F00966E04 /* Config.xcconfig */;
			buildSettings = {
				ALWAYS_SEARCH_USER_PATHS = NO;
				ASSETCATALOG_COMPILER_GENERATE_SWIFT_ASSET_SYMBOL_EXTENSIONS = YES;
				CLANG_ANALYZER_NONNULL = YES;
				CLANG_ANALYZER_NUMBER_OBJECT_CONVERSION = YES_AGGRESSIVE;
				CLANG_CXX_LANGUAGE_STANDARD = "gnu++20";
				CLANG_ENABLE_MODULES = YES;
				CLANG_ENABLE_OBJC_ARC = YES;
				CLANG_ENABLE_OBJC_WEAK = YES;
				CLANG_WARN_BLOCK_CAPTURE_AUTORELEASING = YES;
				CLANG_WARN_BOOL_CONVERSION = YES;
				CLANG_WARN_COMMA = YES;
				CLANG_WARN_CONSTANT_CONVERSION = YES;
				CLANG_WARN_DEPRECATED_OBJC_IMPLEMENTATIONS = YES;
				CLANG_WARN_DIRECT_OBJC_ISA_USAGE = YES_ERROR;
				CLANG_WARN_DOCUMENTATION_COMMENTS = YES;
				CLANG_WARN_EMPTY_BODY = YES;
				CLANG_WARN_ENUM_CONVERSION = YES;
				CLANG_WARN_INFINITE_RECURSION = YES;
				CLANG_WARN_INT_CONVERSION = YES;
				CLANG_WARN_NON_LITERAL_NULL_CONVERSION = YES;
				CLANG_WARN_OBJC_IMPLICIT_RETAIN_SELF = YES;
				CLANG_WARN_OBJC_LITERAL_CONVERSION = YES;
				CLANG_WARN_OBJC_ROOT_CLASS = YES_ERROR;
				CLANG_WARN_QUOTED_INCLUDE_IN_FRAMEWORK_HEADER = YES;
				CLANG_WARN_RANGE_LOOP_ANALYSIS = YES;
				CLANG_WARN_STRICT_PROTOTYPES = YES;
				CLANG_WARN_SUSPICIOUS_MOVE = YES;
				CLANG_WARN_UNGUARDED_AVAILABILITY = YES_AGGRESSIVE;
				CLANG_WARN_UNREACHABLE_CODE = YES;
				CLANG_WARN__DUPLICATE_METHOD_MATCH = YES;
				COPY_PHASE_STRIP = NO;
				DEBUG_INFORMATION_FORMAT = "dwarf-with-dsym";
				ENABLE_NS_ASSERTIONS = NO;
				ENABLE_STRICT_OBJC_MSGSEND = YES;
				ENABLE_USER_SCRIPT_SANDBOXING = YES;
				GCC_C_LANGUAGE_STANDARD = gnu17;
				GCC_NO_COMMON_BLOCKS = YES;
				GCC_WARN_64_TO_32_BIT_CONVERSION = YES;
				GCC_WARN_ABOUT_RETURN_TYPE = YES_ERROR;
				GCC_WARN_UNDECLARED_SELECTOR = YES;
				GCC_WARN_UNINITIALIZED_AUTOS = YES_AGGRESSIVE;
				GCC_WARN_UNUSED_FUNCTION = YES;
				GCC_WARN_UNUSED_VARIABLE = YES;
				IPHONEOS_DEPLOYMENT_TARGET = 17.5;
				LOCALIZATION_PREFERS_STRING_CATALOGS = YES;
				MTL_ENABLE_DEBUG_INFO = NO;
				MTL_FAST_MATH = YES;
				SDKROOT = iphoneos;
				SWIFT_COMPILATION_MODE = wholemodule;
				VALIDATE_PRODUCT = YES;
			};
			name = Release;
		};
		4A24627A2C29297B00966E04 /* Debug */ = {
			isa = XCBuildConfiguration;
			baseConfigurationReference = 4A24627C2C29299F00966E04 /* Config.xcconfig */;
			buildSettings = {
				ASSETCATALOG_COMPILER_APPICON_NAME = AppIcon;
				ASSETCATALOG_COMPILER_GLOBAL_ACCENT_COLOR_NAME = AccentColor;
				CODE_SIGN_STYLE = Automatic;
				CURRENT_PROJECT_VERSION = 1;
				DEVELOPMENT_ASSET_PATHS = "\"WordBrowserWithAsync/Preview Content\"";
				DEVELOPMENT_TEAM = 2TXBC7N5Q5;
				ENABLE_PREVIEWS = YES;
				GENERATE_INFOPLIST_FILE = YES;
				INFOPLIST_FILE = WordBrowserWithAsync/Info.plist;
				INFOPLIST_KEY_UIApplicationSceneManifest_Generation = YES;
				INFOPLIST_KEY_UIApplicationSupportsIndirectInputEvents = YES;
				INFOPLIST_KEY_UILaunchScreen_Generation = YES;
				INFOPLIST_KEY_UISupportedInterfaceOrientations_iPad = "UIInterfaceOrientationPortrait UIInterfaceOrientationPortraitUpsideDown UIInterfaceOrientationLandscapeLeft UIInterfaceOrientationLandscapeRight";
				INFOPLIST_KEY_UISupportedInterfaceOrientations_iPhone = "UIInterfaceOrientationPortrait UIInterfaceOrientationLandscapeLeft UIInterfaceOrientationLandscapeRight";
				LD_RUNPATH_SEARCH_PATHS = (
					"$(inherited)",
					"@executable_path/Frameworks",
				);
				MARKETING_VERSION = 1.0;
				PRODUCT_BUNDLE_IDENTIFIER = com.mabataki.smithwrld999.WordBrowserWithAsync;
				PRODUCT_NAME = "$(TARGET_NAME)";
				SWIFT_EMIT_LOC_STRINGS = YES;
				SWIFT_VERSION = 5.0;
				TARGETED_DEVICE_FAMILY = "1,2";
			};
			name = Debug;
		};
		4A24627B2C29297B00966E04 /* Release */ = {
			isa = XCBuildConfiguration;
			baseConfigurationReference = 4A24627C2C29299F00966E04 /* Config.xcconfig */;
			buildSettings = {
				ASSETCATALOG_COMPILER_APPICON_NAME = AppIcon;
				ASSETCATALOG_COMPILER_GLOBAL_ACCENT_COLOR_NAME = AccentColor;
				CODE_SIGN_STYLE = Automatic;
				CURRENT_PROJECT_VERSION = 1;
				DEVELOPMENT_ASSET_PATHS = "\"WordBrowserWithAsync/Preview Content\"";
				DEVELOPMENT_TEAM = 2TXBC7N5Q5;
				ENABLE_PREVIEWS = YES;
				GENERATE_INFOPLIST_FILE = YES;
				INFOPLIST_FILE = WordBrowserWithAsync/Info.plist;
				INFOPLIST_KEY_UIApplicationSceneManifest_Generation = YES;
				INFOPLIST_KEY_UIApplicationSupportsIndirectInputEvents = YES;
				INFOPLIST_KEY_UILaunchScreen_Generation = YES;
				INFOPLIST_KEY_UISupportedInterfaceOrientations_iPad = "UIInterfaceOrientationPortrait UIInterfaceOrientationPortraitUpsideDown UIInterfaceOrientationLandscapeLeft UIInterfaceOrientationLandscapeRight";
				INFOPLIST_KEY_UISupportedInterfaceOrientations_iPhone = "UIInterfaceOrientationPortrait UIInterfaceOrientationLandscapeLeft UIInterfaceOrientationLandscapeRight";
				LD_RUNPATH_SEARCH_PATHS = (
					"$(inherited)",
					"@executable_path/Frameworks",
				);
				MARKETING_VERSION = 1.0;
				PRODUCT_BUNDLE_IDENTIFIER = com.mabataki.smithwrld999.WordBrowserWithAsync;
				PRODUCT_NAME = "$(TARGET_NAME)";
				SWIFT_EMIT_LOC_STRINGS = YES;
				SWIFT_VERSION = 5.0;
				TARGETED_DEVICE_FAMILY = "1,2";
			};
			name = Release;
		};
/* End XCBuildConfiguration section */

/* Begin XCConfigurationList section */
		4A2462662C29297900966E04 /* Build configuration list for PBXProject "WordBrowserWithAsync" */ = {
			isa = XCConfigurationList;
			buildConfigurations = (
				4A2462772C29297B00966E04 /* Debug */,
				4A2462782C29297B00966E04 /* Release */,
			);
			defaultConfigurationIsVisible = 0;
			defaultConfigurationName = Release;
		};
		4A2462792C29297B00966E04 /* Build configuration list for PBXNativeTarget "WordBrowserWithAsync" */ = {
			isa = XCConfigurationList;
			buildConfigurations = (
				4A24627A2C29297B00966E04 /* Debug */,
				4A24627B2C29297B00966E04 /* Release */,
			);
			defaultConfigurationIsVisible = 0;
			defaultConfigurationName = Release;
		};
/* End XCConfigurationList section */
	};
	rootObject = 4A2462632C29297900966E04 /* Project object */;
}
