// !$*UTF8*$!
{
	archiveVersion = 1;
	classes = {
	};
	objectVersion = 56;
	objects = {

/* Begin PBXBuildFile section */
		4ADD37062BDA4943001A5E8C /* TodoList_jmbaeApp.swift in Sources */ = {isa = PBXBuildFile; fileRef = 4ADD37052BDA4943001A5E8C /* TodoList_jmbaeApp.swift */; };
		4ADD37082BDA4943001A5E8C /* ContentView.swift in Sources */ = {isa = PBXBuildFile; fileRef = 4ADD37072BDA4943001A5E8C /* ContentView.swift */; };
		4ADD370A2BDA4947001A5E8C /* Assets.xcassets in Resources */ = {isa = PBXBuildFile; fileRef = 4ADD37092BDA4947001A5E8C /* Assets.xcassets */; };
		4ADD370D2BDA4947001A5E8C /* Preview Assets.xcassets in Resources */ = {isa = PBXBuildFile; fileRef = 4ADD370C2BDA4947001A5E8C /* Preview Assets.xcassets */; };
		4ADD37142BDA496D001A5E8C /* Task.swift in Sources */ = {isa = PBXBuildFile; fileRef = 4ADD37132BDA496D001A5E8C /* Task.swift */; };
		4ADD371C2BDA4B73001A5E8C /* WidgetKit.framework in Frameworks */ = {isa = PBXBuildFile; fileRef = 4ADD371B2BDA4B72001A5E8C /* WidgetKit.framework */; };
		4ADD371E2BDA4B73001A5E8C /* SwiftUI.framework in Frameworks */ = {isa = PBXBuildFile; fileRef = 4ADD371D2BDA4B73001A5E8C /* SwiftUI.framework */; };
		4ADD37212BDA4B73001A5E8C /* TodoWidgetBundle.swift in Sources */ = {isa = PBXBuildFile; fileRef = 4ADD37202BDA4B73001A5E8C /* TodoWidgetBundle.swift */; };
		4ADD37232BDA4B73001A5E8C /* TodoWidget.swift in Sources */ = {isa = PBXBuildFile; fileRef = 4ADD37222BDA4B73001A5E8C /* TodoWidget.swift */; };
		4ADD37252BDA4B77001A5E8C /* Assets.xcassets in Resources */ = {isa = PBXBuildFile; fileRef = 4ADD37242BDA4B77001A5E8C /* Assets.xcassets */; };
		4ADD37292BDA4B77001A5E8C /* TodoWidgetExtension.appex in Embed Foundation Extensions */ = {isa = PBXBuildFile; fileRef = 4ADD37192BDA4B72001A5E8C /* TodoWidgetExtension.appex */; settings = {ATTRIBUTES = (RemoveHeadersOnCopy, ); }; };
		4ADD372E2BDA4D0C001A5E8C /* Task.swift in Sources */ = {isa = PBXBuildFile; fileRef = 4ADD37132BDA496D001A5E8C /* Task.swift */; };
/* End PBXBuildFile section */

/* Begin PBXContainerItemProxy section */
		4ADD37272BDA4B77001A5E8C /* PBXContainerItemProxy */ = {
			isa = PBXContainerItemProxy;
			containerPortal = 4ADD36FA2BDA4943001A5E8C /* Project object */;
			proxyType = 1;
			remoteGlobalIDString = 4ADD37182BDA4B72001A5E8C;
			remoteInfo = TodoWidgetExtension;
		};
/* End PBXContainerItemProxy section */

/* Begin PBXCopyFilesBuildPhase section */
		4ADD372D2BDA4B77001A5E8C /* Embed Foundation Extensions */ = {
			isa = PBXCopyFilesBuildPhase;
			buildActionMask = 2147483647;
			dstPath = "";
			dstSubfolderSpec = 13;
			files = (
				4ADD37292BDA4B77001A5E8C /* TodoWidgetExtension.appex in Embed Foundation Extensions */,
			);
			name = "Embed Foundation Extensions";
			runOnlyForDeploymentPostprocessing = 0;
		};
/* End PBXCopyFilesBuildPhase section */

/* Begin PBXFileReference section */
		4A8D32AD2BDB37B7007C5582 /* TodoList_jmbae.entitlements */ = {isa = PBXFileReference; lastKnownFileType = text.plist.entitlements; path = TodoList_jmbae.entitlements; sourceTree = "<group>"; };
		4A8D32AE2BDB37FC007C5582 /* TodoWidgetExtension.entitlements */ = {isa = PBXFileReference; lastKnownFileType = text.plist.entitlements; path = TodoWidgetExtension.entitlements; sourceTree = "<group>"; };
		4ADD37022BDA4943001A5E8C /* TodoList_jmbae.app */ = {isa = PBXFileReference; explicitFileType = wrapper.application; includeInIndex = 0; path = TodoList_jmbae.app; sourceTree = BUILT_PRODUCTS_DIR; };
		4ADD37052BDA4943001A5E8C /* TodoList_jmbaeApp.swift */ = {isa = PBXFileReference; lastKnownFileType = sourcecode.swift; path = TodoList_jmbaeApp.swift; sourceTree = "<group>"; };
		4ADD37072BDA4943001A5E8C /* ContentView.swift */ = {isa = PBXFileReference; lastKnownFileType = sourcecode.swift; path = ContentView.swift; sourceTree = "<group>"; };
		4ADD37092BDA4947001A5E8C /* Assets.xcassets */ = {isa = PBXFileReference; lastKnownFileType = folder.assetcatalog; path = Assets.xcassets; sourceTree = "<group>"; };
		4ADD370C2BDA4947001A5E8C /* Preview Assets.xcassets */ = {isa = PBXFileReference; lastKnownFileType = folder.assetcatalog; path = "Preview Assets.xcassets"; sourceTree = "<group>"; };
		4ADD37132BDA496D001A5E8C /* Task.swift */ = {isa = PBXFileReference; lastKnownFileType = sourcecode.swift; path = Task.swift; sourceTree = "<group>"; };
		4ADD37192BDA4B72001A5E8C /* TodoWidgetExtension.appex */ = {isa = PBXFileReference; explicitFileType = "wrapper.app-extension"; includeInIndex = 0; path = TodoWidgetExtension.appex; sourceTree = BUILT_PRODUCTS_DIR; };
		4ADD371B2BDA4B72001A5E8C /* WidgetKit.framework */ = {isa = PBXFileReference; lastKnownFileType = wrapper.framework; name = WidgetKit.framework; path = System/Library/Frameworks/WidgetKit.framework; sourceTree = SDKROOT; };
		4ADD371D2BDA4B73001A5E8C /* SwiftUI.framework */ = {isa = PBXFileReference; lastKnownFileType = wrapper.framework; name = SwiftUI.framework; path = System/Library/Frameworks/SwiftUI.framework; sourceTree = SDKROOT; };
		4ADD37202BDA4B73001A5E8C /* TodoWidgetBundle.swift */ = {isa = PBXFileReference; lastKnownFileType = sourcecode.swift; path = TodoWidgetBundle.swift; sourceTree = "<group>"; };
		4ADD37222BDA4B73001A5E8C /* TodoWidget.swift */ = {isa = PBXFileReference; lastKnownFileType = sourcecode.swift; path = TodoWidget.swift; sourceTree = "<group>"; };
		4ADD37242BDA4B77001A5E8C /* Assets.xcassets */ = {isa = PBXFileReference; lastKnownFileType = folder.assetcatalog; path = Assets.xcassets; sourceTree = "<group>"; };
		4ADD37262BDA4B77001A5E8C /* Info.plist */ = {isa = PBXFileReference; lastKnownFileType = text.plist.xml; path = Info.plist; sourceTree = "<group>"; };
/* End PBXFileReference section */

/* Begin PBXFrameworksBuildPhase section */
		4ADD36FF2BDA4943001A5E8C /* Frameworks */ = {
			isa = PBXFrameworksBuildPhase;
			buildActionMask = 2147483647;
			files = (
			);
			runOnlyForDeploymentPostprocessing = 0;
		};
		4ADD37162BDA4B72001A5E8C /* Frameworks */ = {
			isa = PBXFrameworksBuildPhase;
			buildActionMask = 2147483647;
			files = (
				4ADD371E2BDA4B73001A5E8C /* SwiftUI.framework in Frameworks */,
				4ADD371C2BDA4B73001A5E8C /* WidgetKit.framework in Frameworks */,
			);
			runOnlyForDeploymentPostprocessing = 0;
		};
/* End PBXFrameworksBuildPhase section */

/* Begin PBXGroup section */
		4ADD36F92BDA4943001A5E8C = {
			isa = PBXGroup;
			children = (
				4A8D32AE2BDB37FC007C5582 /* TodoWidgetExtension.entitlements */,
				4ADD37042BDA4943001A5E8C /* TodoList_jmbae */,
				4ADD371F2BDA4B73001A5E8C /* TodoWidget */,
				4ADD371A2BDA4B72001A5E8C /* Frameworks */,
				4ADD37032BDA4943001A5E8C /* Products */,
			);
			sourceTree = "<group>";
		};
		4ADD37032BDA4943001A5E8C /* Products */ = {
			isa = PBXGroup;
			children = (
				4ADD37022BDA4943001A5E8C /* TodoList_jmbae.app */,
				4ADD37192BDA4B72001A5E8C /* TodoWidgetExtension.appex */,
			);
			name = Products;
			sourceTree = "<group>";
		};
		4ADD37042BDA4943001A5E8C /* TodoList_jmbae */ = {
			isa = PBXGroup;
			children = (
				4A8D32AD2BDB37B7007C5582 /* TodoList_jmbae.entitlements */,
				4ADD37052BDA4943001A5E8C /* TodoList_jmbaeApp.swift */,
				4ADD37072BDA4943001A5E8C /* ContentView.swift */,
				4ADD37132BDA496D001A5E8C /* Task.swift */,
				4ADD37092BDA4947001A5E8C /* Assets.xcassets */,
				4ADD370B2BDA4947001A5E8C /* Preview Content */,
			);
			path = TodoList_jmbae;
			sourceTree = "<group>";
		};
		4ADD370B2BDA4947001A5E8C /* Preview Content */ = {
			isa = PBXGroup;
			children = (
				4ADD370C2BDA4947001A5E8C /* Preview Assets.xcassets */,
			);
			path = "Preview Content";
			sourceTree = "<group>";
		};
		4ADD371A2BDA4B72001A5E8C /* Frameworks */ = {
			isa = PBXGroup;
			children = (
				4ADD371B2BDA4B72001A5E8C /* WidgetKit.framework */,
				4ADD371D2BDA4B73001A5E8C /* SwiftUI.framework */,
			);
			name = Frameworks;
			sourceTree = "<group>";
		};
		4ADD371F2BDA4B73001A5E8C /* TodoWidget */ = {
			isa = PBXGroup;
			children = (
				4ADD37202BDA4B73001A5E8C /* TodoWidgetBundle.swift */,
				4ADD37222BDA4B73001A5E8C /* TodoWidget.swift */,
				4ADD37242BDA4B77001A5E8C /* Assets.xcassets */,
				4ADD37262BDA4B77001A5E8C /* Info.plist */,
			);
			path = TodoWidget;
			sourceTree = "<group>";
		};
/* End PBXGroup section */

/* Begin PBXNativeTarget section */
		4ADD37012BDA4943001A5E8C /* TodoList_jmbae */ = {
			isa = PBXNativeTarget;
			buildConfigurationList = 4ADD37102BDA4947001A5E8C /* Build configuration list for PBXNativeTarget "TodoList_jmbae" */;
			buildPhases = (
				4ADD36FE2BDA4943001A5E8C /* Sources */,
				4ADD36FF2BDA4943001A5E8C /* Frameworks */,
				4ADD37002BDA4943001A5E8C /* Resources */,
				4ADD372D2BDA4B77001A5E8C /* Embed Foundation Extensions */,
			);
			buildRules = (
			);
			dependencies = (
				4ADD37282BDA4B77001A5E8C /* PBXTargetDependency */,
			);
			name = TodoList_jmbae;
			productName = TodoList_jmbae;
			productReference = 4ADD37022BDA4943001A5E8C /* TodoList_jmbae.app */;
			productType = "com.apple.product-type.application";
		};
		4ADD37182BDA4B72001A5E8C /* TodoWidgetExtension */ = {
			isa = PBXNativeTarget;
			buildConfigurationList = 4ADD372A2BDA4B77001A5E8C /* Build configuration list for PBXNativeTarget "TodoWidgetExtension" */;
			buildPhases = (
				4ADD37152BDA4B72001A5E8C /* Sources */,
				4ADD37162BDA4B72001A5E8C /* Frameworks */,
				4ADD37172BDA4B72001A5E8C /* Resources */,
			);
			buildRules = (
			);
			dependencies = (
			);
			name = TodoWidgetExtension;
			productName = TodoWidgetExtension;
			productReference = 4ADD37192BDA4B72001A5E8C /* TodoWidgetExtension.appex */;
			productType = "com.apple.product-type.app-extension";
		};
/* End PBXNativeTarget section */

/* Begin PBXProject section */
		4ADD36FA2BDA4943001A5E8C /* Project object */ = {
			isa = PBXProject;
			attributes = {
				BuildIndependentTargetsInParallel = 1;
				LastSwiftUpdateCheck = 1530;
				LastUpgradeCheck = 1530;
				TargetAttributes = {
					4ADD37012BDA4943001A5E8C = {
						CreatedOnToolsVersion = 15.3;
					};
					4ADD37182BDA4B72001A5E8C = {
						CreatedOnToolsVersion = 15.3;
					};
				};
			};
			buildConfigurationList = 4ADD36FD2BDA4943001A5E8C /* Build configuration list for PBXProject "TodoList_jmbae" */;
			compatibilityVersion = "Xcode 14.0";
			developmentRegion = en;
			hasScannedForEncodings = 0;
			knownRegions = (
				en,
				Base,
			);
			mainGroup = 4ADD36F92BDA4943001A5E8C;
			productRefGroup = 4ADD37032BDA4943001A5E8C /* Products */;
			projectDirPath = "";
			projectRoot = "";
			targets = (
				4ADD37012BDA4943001A5E8C /* TodoList_jmbae */,
				4ADD37182BDA4B72001A5E8C /* TodoWidgetExtension */,
			);
		};
/* End PBXProject section */

/* Begin PBXResourcesBuildPhase section */
		4ADD37002BDA4943001A5E8C /* Resources */ = {
			isa = PBXResourcesBuildPhase;
			buildActionMask = 2147483647;
			files = (
				4ADD370D2BDA4947001A5E8C /* Preview Assets.xcassets in Resources */,
				4ADD370A2BDA4947001A5E8C /* Assets.xcassets in Resources */,
			);
			runOnlyForDeploymentPostprocessing = 0;
		};
		4ADD37172BDA4B72001A5E8C /* Resources */ = {
			isa = PBXResourcesBuildPhase;
			buildActionMask = 2147483647;
			files = (
				4ADD37252BDA4B77001A5E8C /* Assets.xcassets in Resources */,
			);
			runOnlyForDeploymentPostprocessing = 0;
		};
/* End PBXResourcesBuildPhase section */

/* Begin PBXSourcesBuildPhase section */
		4ADD36FE2BDA4943001A5E8C /* Sources */ = {
			isa = PBXSourcesBuildPhase;
			buildActionMask = 2147483647;
			files = (
				4ADD37082BDA4943001A5E8C /* ContentView.swift in Sources */,
				4ADD37142BDA496D001A5E8C /* Task.swift in Sources */,
				4ADD37062BDA4943001A5E8C /* TodoList_jmbaeApp.swift in Sources */,
			);
			runOnlyForDeploymentPostprocessing = 0;
		};
		4ADD37152BDA4B72001A5E8C /* Sources */ = {
			isa = PBXSourcesBuildPhase;
			buildActionMask = 2147483647;
			files = (
				4ADD37212BDA4B73001A5E8C /* TodoWidgetBundle.swift in Sources */,
				4ADD372E2BDA4D0C001A5E8C /* Task.swift in Sources */,
				4ADD37232BDA4B73001A5E8C /* TodoWidget.swift in Sources */,
			);
			runOnlyForDeploymentPostprocessing = 0;
		};
/* End PBXSourcesBuildPhase section */

/* Begin PBXTargetDependency section */
		4ADD37282BDA4B77001A5E8C /* PBXTargetDependency */ = {
			isa = PBXTargetDependency;
			target = 4ADD37182BDA4B72001A5E8C /* TodoWidgetExtension */;
			targetProxy = 4ADD37272BDA4B77001A5E8C /* PBXContainerItemProxy */;
		};
/* End PBXTargetDependency section */

/* Begin XCBuildConfiguration section */
		4ADD370E2BDA4947001A5E8C /* Debug */ = {
			isa = XCBuildConfiguration;
			buildSettings = {
				ALWAYS_SEARCH_USER_PATHS = NO;
				ASSETCATALOG_COMPILER_GENERATE_SWIFT_ASSET_SYMBOL_EXTENSIONS = YES;
				CLANG_ANALYZER_NONNULL = YES;
				CLANG_ANALYZER_NUMBER_OBJECT_CONVERSION = YES_AGGRESSIVE;
				CLANG_CXX_LANGUAGE_STANDARD = "gnu++20";
				CLANG_ENABLE_MODULES = YES;
				CLANG_ENABLE_OBJC_ARC = YES;
				CLANG_ENABLE_OBJC_WEAK = YES;
				CLANG_WARN_BLOCK_CAPTURE_AUTORELEASING = YES;
				CLANG_WARN_BOOL_CONVERSION = YES;
				CLANG_WARN_COMMA = YES;
				CLANG_WARN_CONSTANT_CONVERSION = YES;
				CLANG_WARN_DEPRECATED_OBJC_IMPLEMENTATIONS = YES;
				CLANG_WARN_DIRECT_OBJC_ISA_USAGE = YES_ERROR;
				CLANG_WARN_DOCUMENTATION_COMMENTS = YES;
				CLANG_WARN_EMPTY_BODY = YES;
				CLANG_WARN_ENUM_CONVERSION = YES;
				CLANG_WARN_INFINITE_RECURSION = YES;
				CLANG_WARN_INT_CONVERSION = YES;
				CLANG_WARN_NON_LITERAL_NULL_CONVERSION = YES;
				CLANG_WARN_OBJC_IMPLICIT_RETAIN_SELF = YES;
				CLANG_WARN_OBJC_LITERAL_CONVERSION = YES;
				CLANG_WARN_OBJC_ROOT_CLASS = YES_ERROR;
				CLANG_WARN_QUOTED_INCLUDE_IN_FRAMEWORK_HEADER = YES;
				CLANG_WARN_RANGE_LOOP_ANALYSIS = YES;
				CLANG_WARN_STRICT_PROTOTYPES = YES;
				CLANG_WARN_SUSPICIOUS_MOVE = YES;
				CLANG_WARN_UNGUARDED_AVAILABILITY = YES_AGGRESSIVE;
				CLANG_WARN_UNREACHABLE_CODE = YES;
				CLANG_WARN__DUPLICATE_METHOD_MATCH = YES;
				COPY_PHASE_STRIP = NO;
				DEBUG_INFORMATION_FORMAT = dwarf;
				ENABLE_STRICT_OBJC_MSGSEND = YES;
				ENABLE_TESTABILITY = YES;
				ENABLE_USER_SCRIPT_SANDBOXING = YES;
				GCC_C_LANGUAGE_STANDARD = gnu17;
				GCC_DYNAMIC_NO_PIC = NO;
				GCC_NO_COMMON_BLOCKS = YES;
				GCC_OPTIMIZATION_LEVEL = 0;
				GCC_PREPROCESSOR_DEFINITIONS = (
					"DEBUG=1",
					"$(inherited)",
				);
				GCC_WARN_64_TO_32_BIT_CONVERSION = YES;
				GCC_WARN_ABOUT_RETURN_TYPE = YES_ERROR;
				GCC_WARN_UNDECLARED_SELECTOR = YES;
				GCC_WARN_UNINITIALIZED_AUTOS = YES_AGGRESSIVE;
				GCC_WARN_UNUSED_FUNCTION = YES;
				GCC_WARN_UNUSED_VARIABLE = YES;
				IPHONEOS_DEPLOYMENT_TARGET = 17.4;
				LOCALIZATION_PREFERS_STRING_CATALOGS = YES;
				MTL_ENABLE_DEBUG_INFO = INCLUDE_SOURCE;
				MTL_FAST_MATH = YES;
				ONLY_ACTIVE_ARCH = YES;
				SDKROOT = iphoneos;
				SWIFT_ACTIVE_COMPILATION_CONDITIONS = "DEBUG $(inherited)";
				SWIFT_OPTIMIZATION_LEVEL = "-Onone";
			};
			name = Debug;
		};
		4ADD370F2BDA4947001A5E8C /* Release */ = {
			isa = XCBuildConfiguration;
			buildSettings = {
				ALWAYS_SEARCH_USER_PATHS = NO;
				ASSETCATALOG_COMPILER_GENERATE_SWIFT_ASSET_SYMBOL_EXTENSIONS = YES;
				CLANG_ANALYZER_NONNULL = YES;
				CLANG_ANALYZER_NUMBER_OBJECT_CONVERSION = YES_AGGRESSIVE;
				CLANG_CXX_LANGUAGE_STANDARD = "gnu++20";
				CLANG_ENABLE_MODULES = YES;
				CLANG_ENABLE_OBJC_ARC = YES;
				CLANG_ENABLE_OBJC_WEAK = YES;
				CLANG_WARN_BLOCK_CAPTURE_AUTORELEASING = YES;
				CLANG_WARN_BOOL_CONVERSION = YES;
				CLANG_WARN_COMMA = YES;
				CLANG_WARN_CONSTANT_CONVERSION = YES;
				CLANG_WARN_DEPRECATED_OBJC_IMPLEMENTATIONS = YES;
				CLANG_WARN_DIRECT_OBJC_ISA_USAGE = YES_ERROR;
				CLANG_WARN_DOCUMENTATION_COMMENTS = YES;
				CLANG_WARN_EMPTY_BODY = YES;
				CLANG_WARN_ENUM_CONVERSION = YES;
				CLANG_WARN_INFINITE_RECURSION = YES;
				CLANG_WARN_INT_CONVERSION = YES;
				CLANG_WARN_NON_LITERAL_NULL_CONVERSION = YES;
				CLANG_WARN_OBJC_IMPLICIT_RETAIN_SELF = YES;
				CLANG_WARN_OBJC_LITERAL_CONVERSION = YES;
				CLANG_WARN_OBJC_ROOT_CLASS = YES_ERROR;
				CLANG_WARN_QUOTED_INCLUDE_IN_FRAMEWORK_HEADER = YES;
				CLANG_WARN_RANGE_LOOP_ANALYSIS = YES;
				CLANG_WARN_STRICT_PROTOTYPES = YES;
				CLANG_WARN_SUSPICIOUS_MOVE = YES;
				CLANG_WARN_UNGUARDED_AVAILABILITY = YES_AGGRESSIVE;
				CLANG_WARN_UNREACHABLE_CODE = YES;
				CLANG_WARN__DUPLICATE_METHOD_MATCH = YES;
				COPY_PHASE_STRIP = NO;
				DEBUG_INFORMATION_FORMAT = "dwarf-with-dsym";
				ENABLE_NS_ASSERTIONS = NO;
				ENABLE_STRICT_OBJC_MSGSEND = YES;
				ENABLE_USER_SCRIPT_SANDBOXING = YES;
				GCC_C_LANGUAGE_STANDARD = gnu17;
				GCC_NO_COMMON_BLOCKS = YES;
				GCC_WARN_64_TO_32_BIT_CONVERSION = YES;
				GCC_WARN_ABOUT_RETURN_TYPE = YES_ERROR;
				GCC_WARN_UNDECLARED_SELECTOR = YES;
				GCC_WARN_UNINITIALIZED_AUTOS = YES_AGGRESSIVE;
				GCC_WARN_UNUSED_FUNCTION = YES;
				GCC_WARN_UNUSED_VARIABLE = YES;
				IPHONEOS_DEPLOYMENT_TARGET = 17.4;
				LOCALIZATION_PREFERS_STRING_CATALOGS = YES;
				MTL_ENABLE_DEBUG_INFO = NO;
				MTL_FAST_MATH = YES;
				SDKROOT = iphoneos;
				SWIFT_COMPILATION_MODE = wholemodule;
				VALIDATE_PRODUCT = YES;
			};
			name = Release;
		};
		4ADD37112BDA4947001A5E8C /* Debug */ = {
			isa = XCBuildConfiguration;
			buildSettings = {
				ALWAYS_EMBED_SWIFT_STANDARD_LIBRARIES = YES;
				ASSETCATALOG_COMPILER_APPICON_NAME = AppIcon;
				ASSETCATALOG_COMPILER_GLOBAL_ACCENT_COLOR_NAME = AccentColor;
				CODE_SIGN_ENTITLEMENTS = TodoList_jmbae/TodoList_jmbae.entitlements;
				CODE_SIGN_STYLE = Automatic;
				CURRENT_PROJECT_VERSION = 1;
				DEVELOPMENT_ASSET_PATHS = "\"TodoList_jmbae/Preview Content\"";
				DEVELOPMENT_TEAM = 2TXBC7N5Q5;
				ENABLE_PREVIEWS = YES;
				GENERATE_INFOPLIST_FILE = YES;
				INFOPLIST_KEY_UIApplicationSceneManifest_Generation = YES;
				INFOPLIST_KEY_UIApplicationSupportsIndirectInputEvents = YES;
				INFOPLIST_KEY_UILaunchScreen_Generation = YES;
				INFOPLIST_KEY_UISupportedInterfaceOrientations_iPad = "UIInterfaceOrientationPortrait UIInterfaceOrientationPortraitUpsideDown UIInterfaceOrientationLandscapeLeft UIInterfaceOrientationLandscapeRight";
				INFOPLIST_KEY_UISupportedInterfaceOrientations_iPhone = "UIInterfaceOrientationPortrait UIInterfaceOrientationLandscapeLeft UIInterfaceOrientationLandscapeRight";
				LD_RUNPATH_SEARCH_PATHS = (
					"$(inherited)",
					"@executable_path/Frameworks",
				);
				MARKETING_VERSION = 1.0;
				PRODUCT_BUNDLE_IDENTIFIER = "com.mabatakismith.TodoList-jmbae";
				PRODUCT_NAME = "$(TARGET_NAME)";
				SWIFT_EMIT_LOC_STRINGS = YES;
				SWIFT_VERSION = 5.0;
				TARGETED_DEVICE_FAMILY = "1,2";
			};
			name = Debug;
		};
		4ADD37122BDA4947001A5E8C /* Release */ = {
			isa = XCBuildConfiguration;
			buildSettings = {
				ALWAYS_EMBED_SWIFT_STANDARD_LIBRARIES = YES;
				ASSETCATALOG_COMPILER_APPICON_NAME = AppIcon;
				ASSETCATALOG_COMPILER_GLOBAL_ACCENT_COLOR_NAME = AccentColor;
				CODE_SIGN_ENTITLEMENTS = TodoList_jmbae/TodoList_jmbae.entitlements;
				CODE_SIGN_STYLE = Automatic;
				CURRENT_PROJECT_VERSION = 1;
				DEVELOPMENT_ASSET_PATHS = "\"TodoList_jmbae/Preview Content\"";
				DEVELOPMENT_TEAM = 2TXBC7N5Q5;
				ENABLE_PREVIEWS = YES;
				GENERATE_INFOPLIST_FILE = YES;
				INFOPLIST_KEY_UIApplicationSceneManifest_Generation = YES;
				INFOPLIST_KEY_UIApplicationSupportsIndirectInputEvents = YES;
				INFOPLIST_KEY_UILaunchScreen_Generation = YES;
				INFOPLIST_KEY_UISupportedInterfaceOrientations_iPad = "UIInterfaceOrientationPortrait UIInterfaceOrientationPortraitUpsideDown UIInterfaceOrientationLandscapeLeft UIInterfaceOrientationLandscapeRight";
				INFOPLIST_KEY_UISupportedInterfaceOrientations_iPhone = "UIInterfaceOrientationPortrait UIInterfaceOrientationLandscapeLeft UIInterfaceOrientationLandscapeRight";
				LD_RUNPATH_SEARCH_PATHS = (
					"$(inherited)",
					"@executable_path/Frameworks",
				);
				MARKETING_VERSION = 1.0;
				PRODUCT_BUNDLE_IDENTIFIER = "com.mabatakismith.TodoList-jmbae";
				PRODUCT_NAME = "$(TARGET_NAME)";
				SWIFT_EMIT_LOC_STRINGS = YES;
				SWIFT_VERSION = 5.0;
				TARGETED_DEVICE_FAMILY = "1,2";
			};
			name = Release;
		};
		4ADD372B2BDA4B77001A5E8C /* Debug */ = {
			isa = XCBuildConfiguration;
			buildSettings = {
				ASSETCATALOG_COMPILER_GLOBAL_ACCENT_COLOR_NAME = AccentColor;
				ASSETCATALOG_COMPILER_WIDGET_BACKGROUND_COLOR_NAME = WidgetBackground;
				CODE_SIGN_ENTITLEMENTS = TodoWidgetExtension.entitlements;
				CODE_SIGN_STYLE = Automatic;
				CURRENT_PROJECT_VERSION = 1;
				DEVELOPMENT_TEAM = 2TXBC7N5Q5;
				GENERATE_INFOPLIST_FILE = YES;
				INFOPLIST_FILE = TodoWidget/Info.plist;
				INFOPLIST_KEY_CFBundleDisplayName = TodoWidget;
				INFOPLIST_KEY_NSHumanReadableCopyright = "";
				LD_RUNPATH_SEARCH_PATHS = (
					"$(inherited)",
					"@executable_path/Frameworks",
					"@executable_path/../../Frameworks",
				);
				MARKETING_VERSION = 1.0;
				PRODUCT_BUNDLE_IDENTIFIER = "com.mabatakismith.TodoList-jmbae.TodoWidget";
				PRODUCT_NAME = "$(TARGET_NAME)";
				SKIP_INSTALL = YES;
				SWIFT_EMIT_LOC_STRINGS = YES;
				SWIFT_VERSION = 5.0;
				TARGETED_DEVICE_FAMILY = "1,2";
			};
			name = Debug;
		};
		4ADD372C2BDA4B77001A5E8C /* Release */ = {
			isa = XCBuildConfiguration;
			buildSettings = {
				ASSETCATALOG_COMPILER_GLOBAL_ACCENT_COLOR_NAME = AccentColor;
				ASSETCATALOG_COMPILER_WIDGET_BACKGROUND_COLOR_NAME = WidgetBackground;
				CODE_SIGN_ENTITLEMENTS = TodoWidgetExtension.entitlements;
				CODE_SIGN_STYLE = Automatic;
				CURRENT_PROJECT_VERSION = 1;
				DEVELOPMENT_TEAM = 2TXBC7N5Q5;
				GENERATE_INFOPLIST_FILE = YES;
				INFOPLIST_FILE = TodoWidget/Info.plist;
				INFOPLIST_KEY_CFBundleDisplayName = TodoWidget;
				INFOPLIST_KEY_NSHumanReadableCopyright = "";
				LD_RUNPATH_SEARCH_PATHS = (
					"$(inherited)",
					"@executable_path/Frameworks",
					"@executable_path/../../Frameworks",
				);
				MARKETING_VERSION = 1.0;
				PRODUCT_BUNDLE_IDENTIFIER = "com.mabatakismith.TodoList-jmbae.TodoWidget";
				PRODUCT_NAME = "$(TARGET_NAME)";
				SKIP_INSTALL = YES;
				SWIFT_EMIT_LOC_STRINGS = YES;
				SWIFT_VERSION = 5.0;
				TARGETED_DEVICE_FAMILY = "1,2";
			};
			name = Release;
		};
/* End XCBuildConfiguration section */

/* Begin XCConfigurationList section */
		4ADD36FD2BDA4943001A5E8C /* Build configuration list for PBXProject "TodoList_jmbae" */ = {
			isa = XCConfigurationList;
			buildConfigurations = (
				4ADD370E2BDA4947001A5E8C /* Debug */,
				4ADD370F2BDA4947001A5E8C /* Release */,
			);
			defaultConfigurationIsVisible = 0;
			defaultConfigurationName = Release;
		};
		4ADD37102BDA4947001A5E8C /* Build configuration list for PBXNativeTarget "TodoList_jmbae" */ = {
			isa = XCConfigurationList;
			buildConfigurations = (
				4ADD37112BDA4947001A5E8C /* Debug */,
				4ADD37122BDA4947001A5E8C /* Release */,
			);
			defaultConfigurationIsVisible = 0;
			defaultConfigurationName = Release;
		};
		4ADD372A2BDA4B77001A5E8C /* Build configuration list for PBXNativeTarget "TodoWidgetExtension" */ = {
			isa = XCConfigurationList;
			buildConfigurations = (
				4ADD372B2BDA4B77001A5E8C /* Debug */,
				4ADD372C2BDA4B77001A5E8C /* Release */,
			);
			defaultConfigurationIsVisible = 0;
			defaultConfigurationName = Release;
		};
/* End XCConfigurationList section */
	};
	rootObject = 4ADD36FA2BDA4943001A5E8C /* Project object */;
}
