// !$*UTF8*$!
{
	archiveVersion = 1;
	classes = {
	};
	objectVersion = 56;
	objects = {

/* Begin PBXBuildFile section */
		4A8D339C2BDF596F007C5582 /* FirebaseBasicApp.swift in Sources */ = {isa = PBXBuildFile; fileRef = 4A8D339B2BDF596F007C5582 /* FirebaseBasicApp.swift */; };
		4A8D339E2BDF596F007C5582 /* ContentView.swift in Sources */ = {isa = PBXBuildFile; fileRef = 4A8D339D2BDF596F007C5582 /* ContentView.swift */; };
		4A8D33A02BDF5972007C5582 /* Assets.xcassets in Resources */ = {isa = PBXBuildFile; fileRef = 4A8D339F2BDF5972007C5582 /* Assets.xcassets */; };
		4A8D33A32BDF5972007C5582 /* Preview Assets.xcassets in Resources */ = {isa = PBXBuildFile; fileRef = 4A8D33A22BDF5972007C5582 /* Preview Assets.xcassets */; };
		4A8D33AB2BDF59E5007C5582 /* FirebaseAuth in Frameworks */ = {isa = PBXBuildFile; productRef = 4A8D33AA2BDF59E5007C5582 /* FirebaseAuth */; };
		4A8D33AE2BDF5A25007C5582 /* GoogleSignIn in Frameworks */ = {isa = PBXBuildFile; productRef = 4A8D33AD2BDF5A25007C5582 /* GoogleSignIn */; };
		4A8D33B02BDF5A25007C5582 /* GoogleSignInSwift in Frameworks */ = {isa = PBXBuildFile; productRef = 4A8D33AF2BDF5A25007C5582 /* GoogleSignInSwift */; };
		4A8D33B32BDF6B21007C5582 /* GoogleService-Info.plist in Resources */ = {isa = PBXBuildFile; fileRef = 4A8D33B22BDF6B21007C5582 /* GoogleService-Info.plist */; };
		4A8D33B52BDF73E5007C5582 /* AuthenticationViewModel.swift in Sources */ = {isa = PBXBuildFile; fileRef = 4A8D33B42BDF73E5007C5582 /* AuthenticationViewModel.swift */; };
		4A8D33B72BDF81EC007C5582 /* ProfileView.swift in Sources */ = {isa = PBXBuildFile; fileRef = 4A8D33B62BDF81EB007C5582 /* ProfileView.swift */; };
		4A8D33B92BDF8EB7007C5582 /* FirebaseFirestore in Frameworks */ = {isa = PBXBuildFile; productRef = 4A8D33B82BDF8EB7007C5582 /* FirebaseFirestore */; };
		4A8D33BB2BDF8EB7007C5582 /* FirebaseFirestoreSwift in Frameworks */ = {isa = PBXBuildFile; productRef = 4A8D33BA2BDF8EB7007C5582 /* FirebaseFirestoreSwift */; };
		4A8D33BD2BDF8EF1007C5582 /* Note.swift in Sources */ = {isa = PBXBuildFile; fileRef = 4A8D33BC2BDF8EF1007C5582 /* Note.swift */; };
		4A8D33BF2BDF907E007C5582 /* NoteService.swift in Sources */ = {isa = PBXBuildFile; fileRef = 4A8D33BE2BDF907E007C5582 /* NoteService.swift */; };
/* End PBXBuildFile section */

/* Begin PBXFileReference section */
		4A8D33982BDF596F007C5582 /* FirebaseBasic.app */ = {isa = PBXFileReference; explicitFileType = wrapper.application; includeInIndex = 0; path = FirebaseBasic.app; sourceTree = BUILT_PRODUCTS_DIR; };
		4A8D339B2BDF596F007C5582 /* FirebaseBasicApp.swift */ = {isa = PBXFileReference; lastKnownFileType = sourcecode.swift; path = FirebaseBasicApp.swift; sourceTree = "<group>"; };
		4A8D339D2BDF596F007C5582 /* ContentView.swift */ = {isa = PBXFileReference; lastKnownFileType = sourcecode.swift; path = ContentView.swift; sourceTree = "<group>"; };
		4A8D339F2BDF5972007C5582 /* Assets.xcassets */ = {isa = PBXFileReference; lastKnownFileType = folder.assetcatalog; path = Assets.xcassets; sourceTree = "<group>"; };
		4A8D33A22BDF5972007C5582 /* Preview Assets.xcassets */ = {isa = PBXFileReference; lastKnownFileType = folder.assetcatalog; path = "Preview Assets.xcassets"; sourceTree = "<group>"; };
		4A8D33B12BDF5E11007C5582 /* Info.plist */ = {isa = PBXFileReference; lastKnownFileType = text.plist; path = Info.plist; sourceTree = "<group>"; };
		4A8D33B22BDF6B21007C5582 /* GoogleService-Info.plist */ = {isa = PBXFileReference; fileEncoding = 4; lastKnownFileType = text.plist.xml; path = "GoogleService-Info.plist"; sourceTree = "<group>"; };
		4A8D33B42BDF73E5007C5582 /* AuthenticationViewModel.swift */ = {isa = PBXFileReference; lastKnownFileType = sourcecode.swift; path = AuthenticationViewModel.swift; sourceTree = "<group>"; };
		4A8D33B62BDF81EB007C5582 /* ProfileView.swift */ = {isa = PBXFileReference; lastKnownFileType = sourcecode.swift; path = ProfileView.swift; sourceTree = "<group>"; };
		4A8D33BC2BDF8EF1007C5582 /* Note.swift */ = {isa = PBXFileReference; lastKnownFileType = sourcecode.swift; path = Note.swift; sourceTree = "<group>"; };
		4A8D33BE2BDF907E007C5582 /* NoteService.swift */ = {isa = PBXFileReference; lastKnownFileType = sourcecode.swift; path = NoteService.swift; sourceTree = "<group>"; };
/* End PBXFileReference section */

/* Begin PBXFrameworksBuildPhase section */
		4A8D33952BDF596F007C5582 /* Frameworks */ = {
			isa = PBXFrameworksBuildPhase;
			buildActionMask = 2147483647;
			files = (
				4A8D33BB2BDF8EB7007C5582 /* FirebaseFirestoreSwift in Frameworks */,
				4A8D33B02BDF5A25007C5582 /* GoogleSignInSwift in Frameworks */,
				4A8D33B92BDF8EB7007C5582 /* FirebaseFirestore in Frameworks */,
				4A8D33AB2BDF59E5007C5582 /* FirebaseAuth in Frameworks */,
				4A8D33AE2BDF5A25007C5582 /* GoogleSignIn in Frameworks */,
			);
			runOnlyForDeploymentPostprocessing = 0;
		};
/* End PBXFrameworksBuildPhase section */

/* Begin PBXGroup section */
		4A8D338F2BDF596F007C5582 = {
			isa = PBXGroup;
			children = (
				4A8D339A2BDF596F007C5582 /* FirebaseBasic */,
				4A8D33992BDF596F007C5582 /* Products */,
			);
			sourceTree = "<group>";
		};
		4A8D33992BDF596F007C5582 /* Products */ = {
			isa = PBXGroup;
			children = (
				4A8D33982BDF596F007C5582 /* FirebaseBasic.app */,
			);
			name = Products;
			sourceTree = "<group>";
		};
		4A8D339A2BDF596F007C5582 /* FirebaseBasic */ = {
			isa = PBXGroup;
			children = (
				4A8D33B12BDF5E11007C5582 /* Info.plist */,
				4A8D339B2BDF596F007C5582 /* FirebaseBasicApp.swift */,
				4A8D339D2BDF596F007C5582 /* ContentView.swift */,
				4A8D33B62BDF81EB007C5582 /* ProfileView.swift */,
				4A8D33B42BDF73E5007C5582 /* AuthenticationViewModel.swift */,
				4A8D33BC2BDF8EF1007C5582 /* Note.swift */,
				4A8D33BE2BDF907E007C5582 /* NoteService.swift */,
				4A8D339F2BDF5972007C5582 /* Assets.xcassets */,
				4A8D33B22BDF6B21007C5582 /* GoogleService-Info.plist */,
				4A8D33A12BDF5972007C5582 /* Preview Content */,
			);
			path = FirebaseBasic;
			sourceTree = "<group>";
		};
		4A8D33A12BDF5972007C5582 /* Preview Content */ = {
			isa = PBXGroup;
			children = (
				4A8D33A22BDF5972007C5582 /* Preview Assets.xcassets */,
			);
			path = "Preview Content";
			sourceTree = "<group>";
		};
/* End PBXGroup section */

/* Begin PBXNativeTarget section */
		4A8D33972BDF596F007C5582 /* FirebaseBasic */ = {
			isa = PBXNativeTarget;
			buildConfigurationList = 4A8D33A62BDF5972007C5582 /* Build configuration list for PBXNativeTarget "FirebaseBasic" */;
			buildPhases = (
				4A8D33942BDF596F007C5582 /* Sources */,
				4A8D33952BDF596F007C5582 /* Frameworks */,
				4A8D33962BDF596F007C5582 /* Resources */,
			);
			buildRules = (
			);
			dependencies = (
			);
			name = FirebaseBasic;
			packageProductDependencies = (
				4A8D33AA2BDF59E5007C5582 /* FirebaseAuth */,
				4A8D33AD2BDF5A25007C5582 /* GoogleSignIn */,
				4A8D33AF2BDF5A25007C5582 /* GoogleSignInSwift */,
				4A8D33B82BDF8EB7007C5582 /* FirebaseFirestore */,
				4A8D33BA2BDF8EB7007C5582 /* FirebaseFirestoreSwift */,
			);
			productName = FirebaseBasic;
			productReference = 4A8D33982BDF596F007C5582 /* FirebaseBasic.app */;
			productType = "com.apple.product-type.application";
		};
/* End PBXNativeTarget section */

/* Begin PBXProject section */
		4A8D33902BDF596F007C5582 /* Project object */ = {
			isa = PBXProject;
			attributes = {
				BuildIndependentTargetsInParallel = 1;
				LastSwiftUpdateCheck = 1530;
				LastUpgradeCheck = 1530;
				TargetAttributes = {
					4A8D33972BDF596F007C5582 = {
						CreatedOnToolsVersion = 15.3;
					};
				};
			};
			buildConfigurationList = 4A8D33932BDF596F007C5582 /* Build configuration list for PBXProject "FirebaseBasic" */;
			compatibilityVersion = "Xcode 14.0";
			developmentRegion = en;
			hasScannedForEncodings = 0;
			knownRegions = (
				en,
				Base,
			);
			mainGroup = 4A8D338F2BDF596F007C5582;
			packageReferences = (
				4A8D33A92BDF59E5007C5582 /* XCRemoteSwiftPackageReference "firebase-ios-sdk" */,
				4A8D33AC2BDF5A25007C5582 /* XCRemoteSwiftPackageReference "GoogleSignIn-iOS" */,
			);
			productRefGroup = 4A8D33992BDF596F007C5582 /* Products */;
			projectDirPath = "";
			projectRoot = "";
			targets = (
				4A8D33972BDF596F007C5582 /* FirebaseBasic */,
			);
		};
/* End PBXProject section */

/* Begin PBXResourcesBuildPhase section */
		4A8D33962BDF596F007C5582 /* Resources */ = {
			isa = PBXResourcesBuildPhase;
			buildActionMask = 2147483647;
			files = (
				4A8D33A32BDF5972007C5582 /* Preview Assets.xcassets in Resources */,
				4A8D33A02BDF5972007C5582 /* Assets.xcassets in Resources */,
				4A8D33B32BDF6B21007C5582 /* GoogleService-Info.plist in Resources */,
			);
			runOnlyForDeploymentPostprocessing = 0;
		};
/* End PBXResourcesBuildPhase section */

/* Begin PBXSourcesBuildPhase section */
		4A8D33942BDF596F007C5582 /* Sources */ = {
			isa = PBXSourcesBuildPhase;
			buildActionMask = 2147483647;
			files = (
				4A8D33BD2BDF8EF1007C5582 /* Note.swift in Sources */,
				4A8D33B72BDF81EC007C5582 /* ProfileView.swift in Sources */,
				4A8D33B52BDF73E5007C5582 /* AuthenticationViewModel.swift in Sources */,
				4A8D339E2BDF596F007C5582 /* ContentView.swift in Sources */,
				4A8D339C2BDF596F007C5582 /* FirebaseBasicApp.swift in Sources */,
				4A8D33BF2BDF907E007C5582 /* NoteService.swift in Sources */,
			);
			runOnlyForDeploymentPostprocessing = 0;
		};
/* End PBXSourcesBuildPhase section */

/* Begin XCBuildConfiguration section */
		4A8D33A42BDF5972007C5582 /* Debug */ = {
			isa = XCBuildConfiguration;
			buildSettings = {
				ALWAYS_SEARCH_USER_PATHS = NO;
				ASSETCATALOG_COMPILER_GENERATE_SWIFT_ASSET_SYMBOL_EXTENSIONS = YES;
				CLANG_ANALYZER_NONNULL = YES;
				CLANG_ANALYZER_NUMBER_OBJECT_CONVERSION = YES_AGGRESSIVE;
				CLANG_CXX_LANGUAGE_STANDARD = "gnu++20";
				CLANG_ENABLE_MODULES = YES;
				CLANG_ENABLE_OBJC_ARC = YES;
				CLANG_ENABLE_OBJC_WEAK = YES;
				CLANG_WARN_BLOCK_CAPTURE_AUTORELEASING = YES;
				CLANG_WARN_BOOL_CONVERSION = YES;
				CLANG_WARN_COMMA = YES;
				CLANG_WARN_CONSTANT_CONVERSION = YES;
				CLANG_WARN_DEPRECATED_OBJC_IMPLEMENTATIONS = YES;
				CLANG_WARN_DIRECT_OBJC_ISA_USAGE = YES_ERROR;
				CLANG_WARN_DOCUMENTATION_COMMENTS = YES;
				CLANG_WARN_EMPTY_BODY = YES;
				CLANG_WARN_ENUM_CONVERSION = YES;
				CLANG_WARN_INFINITE_RECURSION = YES;
				CLANG_WARN_INT_CONVERSION = YES;
				CLANG_WARN_NON_LITERAL_NULL_CONVERSION = YES;
				CLANG_WARN_OBJC_IMPLICIT_RETAIN_SELF = YES;
				CLANG_WARN_OBJC_LITERAL_CONVERSION = YES;
				CLANG_WARN_OBJC_ROOT_CLASS = YES_ERROR;
				CLANG_WARN_QUOTED_INCLUDE_IN_FRAMEWORK_HEADER = YES;
				CLANG_WARN_RANGE_LOOP_ANALYSIS = YES;
				CLANG_WARN_STRICT_PROTOTYPES = YES;
				CLANG_WARN_SUSPICIOUS_MOVE = YES;
				CLANG_WARN_UNGUARDED_AVAILABILITY = YES_AGGRESSIVE;
				CLANG_WARN_UNREACHABLE_CODE = YES;
				CLANG_WARN__DUPLICATE_METHOD_MATCH = YES;
				COPY_PHASE_STRIP = NO;
				DEBUG_INFORMATION_FORMAT = dwarf;
				ENABLE_STRICT_OBJC_MSGSEND = YES;
				ENABLE_TESTABILITY = YES;
				ENABLE_USER_SCRIPT_SANDBOXING = YES;
				GCC_C_LANGUAGE_STANDARD = gnu17;
				GCC_DYNAMIC_NO_PIC = NO;
				GCC_NO_COMMON_BLOCKS = YES;
				GCC_OPTIMIZATION_LEVEL = 0;
				GCC_PREPROCESSOR_DEFINITIONS = (
					"DEBUG=1",
					"$(inherited)",
				);
				GCC_WARN_64_TO_32_BIT_CONVERSION = YES;
				GCC_WARN_ABOUT_RETURN_TYPE = YES_ERROR;
				GCC_WARN_UNDECLARED_SELECTOR = YES;
				GCC_WARN_UNINITIALIZED_AUTOS = YES_AGGRESSIVE;
				GCC_WARN_UNUSED_FUNCTION = YES;
				GCC_WARN_UNUSED_VARIABLE = YES;
				IPHONEOS_DEPLOYMENT_TARGET = 17.4;
				LOCALIZATION_PREFERS_STRING_CATALOGS = YES;
				MTL_ENABLE_DEBUG_INFO = INCLUDE_SOURCE;
				MTL_FAST_MATH = YES;
				ONLY_ACTIVE_ARCH = YES;
				SDKROOT = iphoneos;
				SWIFT_ACTIVE_COMPILATION_CONDITIONS = "DEBUG $(inherited)";
				SWIFT_OPTIMIZATION_LEVEL = "-Onone";
			};
			name = Debug;
		};
		4A8D33A52BDF5972007C5582 /* Release */ = {
			isa = XCBuildConfiguration;
			buildSettings = {
				ALWAYS_SEARCH_USER_PATHS = NO;
				ASSETCATALOG_COMPILER_GENERATE_SWIFT_ASSET_SYMBOL_EXTENSIONS = YES;
				CLANG_ANALYZER_NONNULL = YES;
				CLANG_ANALYZER_NUMBER_OBJECT_CONVERSION = YES_AGGRESSIVE;
				CLANG_CXX_LANGUAGE_STANDARD = "gnu++20";
				CLANG_ENABLE_MODULES = YES;
				CLANG_ENABLE_OBJC_ARC = YES;
				CLANG_ENABLE_OBJC_WEAK = YES;
				CLANG_WARN_BLOCK_CAPTURE_AUTORELEASING = YES;
				CLANG_WARN_BOOL_CONVERSION = YES;
				CLANG_WARN_COMMA = YES;
				CLANG_WARN_CONSTANT_CONVERSION = YES;
				CLANG_WARN_DEPRECATED_OBJC_IMPLEMENTATIONS = YES;
				CLANG_WARN_DIRECT_OBJC_ISA_USAGE = YES_ERROR;
				CLANG_WARN_DOCUMENTATION_COMMENTS = YES;
				CLANG_WARN_EMPTY_BODY = YES;
				CLANG_WARN_ENUM_CONVERSION = YES;
				CLANG_WARN_INFINITE_RECURSION = YES;
				CLANG_WARN_INT_CONVERSION = YES;
				CLANG_WARN_NON_LITERAL_NULL_CONVERSION = YES;
				CLANG_WARN_OBJC_IMPLICIT_RETAIN_SELF = YES;
				CLANG_WARN_OBJC_LITERAL_CONVERSION = YES;
				CLANG_WARN_OBJC_ROOT_CLASS = YES_ERROR;
				CLANG_WARN_QUOTED_INCLUDE_IN_FRAMEWORK_HEADER = YES;
				CLANG_WARN_RANGE_LOOP_ANALYSIS = YES;
				CLANG_WARN_STRICT_PROTOTYPES = YES;
				CLANG_WARN_SUSPICIOUS_MOVE = YES;
				CLANG_WARN_UNGUARDED_AVAILABILITY = YES_AGGRESSIVE;
				CLANG_WARN_UNREACHABLE_CODE = YES;
				CLANG_WARN__DUPLICATE_METHOD_MATCH = YES;
				COPY_PHASE_STRIP = NO;
				DEBUG_INFORMATION_FORMAT = "dwarf-with-dsym";
				ENABLE_NS_ASSERTIONS = NO;
				ENABLE_STRICT_OBJC_MSGSEND = YES;
				ENABLE_USER_SCRIPT_SANDBOXING = YES;
				GCC_C_LANGUAGE_STANDARD = gnu17;
				GCC_NO_COMMON_BLOCKS = YES;
				GCC_WARN_64_TO_32_BIT_CONVERSION = YES;
				GCC_WARN_ABOUT_RETURN_TYPE = YES_ERROR;
				GCC_WARN_UNDECLARED_SELECTOR = YES;
				GCC_WARN_UNINITIALIZED_AUTOS = YES_AGGRESSIVE;
				GCC_WARN_UNUSED_FUNCTION = YES;
				GCC_WARN_UNUSED_VARIABLE = YES;
				IPHONEOS_DEPLOYMENT_TARGET = 17.4;
				LOCALIZATION_PREFERS_STRING_CATALOGS = YES;
				MTL_ENABLE_DEBUG_INFO = NO;
				MTL_FAST_MATH = YES;
				SDKROOT = iphoneos;
				SWIFT_COMPILATION_MODE = wholemodule;
				VALIDATE_PRODUCT = YES;
			};
			name = Release;
		};
		4A8D33A72BDF5972007C5582 /* Debug */ = {
			isa = XCBuildConfiguration;
			buildSettings = {
				ASSETCATALOG_COMPILER_APPICON_NAME = AppIcon;
				ASSETCATALOG_COMPILER_GLOBAL_ACCENT_COLOR_NAME = AccentColor;
				CODE_SIGN_STYLE = Automatic;
				CURRENT_PROJECT_VERSION = 1;
				DEVELOPMENT_ASSET_PATHS = "\"FirebaseBasic/Preview Content\"";
				DEVELOPMENT_TEAM = 2TXBC7N5Q5;
				ENABLE_PREVIEWS = YES;
				GENERATE_INFOPLIST_FILE = YES;
				INFOPLIST_FILE = FirebaseBasic/Info.plist;
				INFOPLIST_KEY_UIApplicationSceneManifest_Generation = YES;
				INFOPLIST_KEY_UIApplicationSupportsIndirectInputEvents = YES;
				INFOPLIST_KEY_UILaunchScreen_Generation = YES;
				INFOPLIST_KEY_UISupportedInterfaceOrientations_iPad = "UIInterfaceOrientationPortrait UIInterfaceOrientationPortraitUpsideDown UIInterfaceOrientationLandscapeLeft UIInterfaceOrientationLandscapeRight";
				INFOPLIST_KEY_UISupportedInterfaceOrientations_iPhone = "UIInterfaceOrientationPortrait UIInterfaceOrientationLandscapeLeft UIInterfaceOrientationLandscapeRight";
				LD_RUNPATH_SEARCH_PATHS = (
					"$(inherited)",
					"@executable_path/Frameworks",
				);
				MARKETING_VERSION = 1.0;
				PRODUCT_BUNDLE_IDENTIFIER = com.mabatakismith.FirebaseBasic;
				PRODUCT_NAME = "$(TARGET_NAME)";
				SWIFT_EMIT_LOC_STRINGS = YES;
				SWIFT_VERSION = 5.0;
				TARGETED_DEVICE_FAMILY = "1,2";
			};
			name = Debug;
		};
		4A8D33A82BDF5972007C5582 /* Release */ = {
			isa = XCBuildConfiguration;
			buildSettings = {
				ASSETCATALOG_COMPILER_APPICON_NAME = AppIcon;
				ASSETCATALOG_COMPILER_GLOBAL_ACCENT_COLOR_NAME = AccentColor;
				CODE_SIGN_STYLE = Automatic;
				CURRENT_PROJECT_VERSION = 1;
				DEVELOPMENT_ASSET_PATHS = "\"FirebaseBasic/Preview Content\"";
				DEVELOPMENT_TEAM = 2TXBC7N5Q5;
				ENABLE_PREVIEWS = YES;
				GENERATE_INFOPLIST_FILE = YES;
				INFOPLIST_FILE = FirebaseBasic/Info.plist;
				INFOPLIST_KEY_UIApplicationSceneManifest_Generation = YES;
				INFOPLIST_KEY_UIApplicationSupportsIndirectInputEvents = YES;
				INFOPLIST_KEY_UILaunchScreen_Generation = YES;
				INFOPLIST_KEY_UISupportedInterfaceOrientations_iPad = "UIInterfaceOrientationPortrait UIInterfaceOrientationPortraitUpsideDown UIInterfaceOrientationLandscapeLeft UIInterfaceOrientationLandscapeRight";
				INFOPLIST_KEY_UISupportedInterfaceOrientations_iPhone = "UIInterfaceOrientationPortrait UIInterfaceOrientationLandscapeLeft UIInterfaceOrientationLandscapeRight";
				LD_RUNPATH_SEARCH_PATHS = (
					"$(inherited)",
					"@executable_path/Frameworks",
				);
				MARKETING_VERSION = 1.0;
				PRODUCT_BUNDLE_IDENTIFIER = com.mabatakismith.FirebaseBasic;
				PRODUCT_NAME = "$(TARGET_NAME)";
				SWIFT_EMIT_LOC_STRINGS = YES;
				SWIFT_VERSION = 5.0;
				TARGETED_DEVICE_FAMILY = "1,2";
			};
			name = Release;
		};
/* End XCBuildConfiguration section */

/* Begin XCConfigurationList section */
		4A8D33932BDF596F007C5582 /* Build configuration list for PBXProject "FirebaseBasic" */ = {
			isa = XCConfigurationList;
			buildConfigurations = (
				4A8D33A42BDF5972007C5582 /* Debug */,
				4A8D33A52BDF5972007C5582 /* Release */,
			);
			defaultConfigurationIsVisible = 0;
			defaultConfigurationName = Release;
		};
		4A8D33A62BDF5972007C5582 /* Build configuration list for PBXNativeTarget "FirebaseBasic" */ = {
			isa = XCConfigurationList;
			buildConfigurations = (
				4A8D33A72BDF5972007C5582 /* Debug */,
				4A8D33A82BDF5972007C5582 /* Release */,
			);
			defaultConfigurationIsVisible = 0;
			defaultConfigurationName = Release;
		};
/* End XCConfigurationList section */

/* Begin XCRemoteSwiftPackageReference section */
		4A8D33A92BDF59E5007C5582 /* XCRemoteSwiftPackageReference "firebase-ios-sdk" */ = {
			isa = XCRemoteSwiftPackageReference;
			repositoryURL = "https://github.com/firebase/firebase-ios-sdk.git";
			requirement = {
				kind = upToNextMajorVersion;
				minimumVersion = 10.24.0;
			};
		};
		4A8D33AC2BDF5A25007C5582 /* XCRemoteSwiftPackageReference "GoogleSignIn-iOS" */ = {
			isa = XCRemoteSwiftPackageReference;
			repositoryURL = "https://github.com/google/GoogleSignIn-iOS";
			requirement = {
				kind = upToNextMajorVersion;
				minimumVersion = 7.1.0;
			};
		};
/* End XCRemoteSwiftPackageReference section */

/* Begin XCSwiftPackageProductDependency section */
		4A8D33AA2BDF59E5007C5582 /* FirebaseAuth */ = {
			isa = XCSwiftPackageProductDependency;
			package = 4A8D33A92BDF59E5007C5582 /* XCRemoteSwiftPackageReference "firebase-ios-sdk" */;
			productName = FirebaseAuth;
		};
		4A8D33AD2BDF5A25007C5582 /* GoogleSignIn */ = {
			isa = XCSwiftPackageProductDependency;
			package = 4A8D33AC2BDF5A25007C5582 /* XCRemoteSwiftPackageReference "GoogleSignIn-iOS" */;
			productName = GoogleSignIn;
		};
		4A8D33AF2BDF5A25007C5582 /* GoogleSignInSwift */ = {
			isa = XCSwiftPackageProductDependency;
			package = 4A8D33AC2BDF5A25007C5582 /* XCRemoteSwiftPackageReference "GoogleSignIn-iOS" */;
			productName = GoogleSignInSwift;
		};
		4A8D33B82BDF8EB7007C5582 /* FirebaseFirestore */ = {
			isa = XCSwiftPackageProductDependency;
			package = 4A8D33A92BDF59E5007C5582 /* XCRemoteSwiftPackageReference "firebase-ios-sdk" */;
			productName = FirebaseFirestore;
		};
		4A8D33BA2BDF8EB7007C5582 /* FirebaseFirestoreSwift */ = {
			isa = XCSwiftPackageProductDependency;
			package = 4A8D33A92BDF59E5007C5582 /* XCRemoteSwiftPackageReference "firebase-ios-sdk" */;
			productName = FirebaseFirestoreSwift;
		};
/* End XCSwiftPackageProductDependency section */
	};
	rootObject = 4A8D33902BDF596F007C5582 /* Project object */;
}
