// !$*UTF8*$!
{
	archiveVersion = 1;
	classes = {
	};
	objectVersion = 56;
	objects = {

/* Begin PBXBuildFile section */
		4A5577312C05C73C00D4626F /* JRNL_SwiftUIApp.swift in Sources */ = {isa = PBXBuildFile; fileRef = 4A5577302C05C73C00D4626F /* JRNL_SwiftUIApp.swift */; };
		4A5577332C05C73C00D4626F /* ContentView.swift in Sources */ = {isa = PBXBuildFile; fileRef = 4A5577322C05C73C00D4626F /* ContentView.swift */; };
		4A5577352C05C73D00D4626F /* Assets.xcassets in Resources */ = {isa = PBXBuildFile; fileRef = 4A5577342C05C73D00D4626F /* Assets.xcassets */; };
		4A5577382C05C73D00D4626F /* Preview Assets.xcassets in Resources */ = {isa = PBXBuildFile; fileRef = 4A5577372C05C73D00D4626F /* Preview Assets.xcassets */; };
		4A55773F2C05C79D00D4626F /* MapView.swift in Sources */ = {isa = PBXBuildFile; fileRef = 4A55773E2C05C79D00D4626F /* MapView.swift */; };
		4A5577412C05C7A900D4626F /* JournalListView.swift in Sources */ = {isa = PBXBuildFile; fileRef = 4A5577402C05C7A900D4626F /* JournalListView.swift */; };
		4A5577432C05C9FA00D4626F /* AddJournalEntryView.swift in Sources */ = {isa = PBXBuildFile; fileRef = 4A5577422C05C9FA00D4626F /* AddJournalEntryView.swift */; };
		4A5577452C05CDA800D4626F /* JournalEntry.swift in Sources */ = {isa = PBXBuildFile; fileRef = 4A5577442C05CDA800D4626F /* JournalEntry.swift */; };
		4AA77B0C2C06AFDB00565BF8 /* RatingView.swift in Sources */ = {isa = PBXBuildFile; fileRef = 4AA77B0B2C06AFDB00565BF8 /* RatingView.swift */; };
		4AA77B0E2C06B00000565BF8 /* LocationManager.swift in Sources */ = {isa = PBXBuildFile; fileRef = 4AA77B0D2C06B00000565BF8 /* LocationManager.swift */; };
		4AA77B102C06B99500565BF8 /* ImagePicker.swift in Sources */ = {isa = PBXBuildFile; fileRef = 4AA77B0F2C06B99500565BF8 /* ImagePicker.swift */; };
		4AA77B122C06B9FE00565BF8 /* JournalCell.swift in Sources */ = {isa = PBXBuildFile; fileRef = 4AA77B112C06B9FE00565BF8 /* JournalCell.swift */; };
		4AA77B142C06BDB000565BF8 /* JournalEntryDetailView.swift in Sources */ = {isa = PBXBuildFile; fileRef = 4AA77B132C06BDB000565BF8 /* JournalEntryDetailView.swift */; };
/* End PBXBuildFile section */

/* Begin PBXFileReference section */
		4A55772D2C05C73C00D4626F /* JRNL-SwiftUI.app */ = {isa = PBXFileReference; explicitFileType = wrapper.application; includeInIndex = 0; path = "JRNL-SwiftUI.app"; sourceTree = BUILT_PRODUCTS_DIR; };
		4A5577302C05C73C00D4626F /* JRNL_SwiftUIApp.swift */ = {isa = PBXFileReference; lastKnownFileType = sourcecode.swift; path = JRNL_SwiftUIApp.swift; sourceTree = "<group>"; };
		4A5577322C05C73C00D4626F /* ContentView.swift */ = {isa = PBXFileReference; lastKnownFileType = sourcecode.swift; path = ContentView.swift; sourceTree = "<group>"; };
		4A5577342C05C73D00D4626F /* Assets.xcassets */ = {isa = PBXFileReference; lastKnownFileType = folder.assetcatalog; path = Assets.xcassets; sourceTree = "<group>"; };
		4A5577372C05C73D00D4626F /* Preview Assets.xcassets */ = {isa = PBXFileReference; lastKnownFileType = folder.assetcatalog; path = "Preview Assets.xcassets"; sourceTree = "<group>"; };
		4A55773E2C05C79D00D4626F /* MapView.swift */ = {isa = PBXFileReference; lastKnownFileType = sourcecode.swift; path = MapView.swift; sourceTree = "<group>"; };
		4A5577402C05C7A900D4626F /* JournalListView.swift */ = {isa = PBXFileReference; lastKnownFileType = sourcecode.swift; path = JournalListView.swift; sourceTree = "<group>"; };
		4A5577422C05C9FA00D4626F /* AddJournalEntryView.swift */ = {isa = PBXFileReference; lastKnownFileType = sourcecode.swift; path = AddJournalEntryView.swift; sourceTree = "<group>"; };
		4A5577442C05CDA800D4626F /* JournalEntry.swift */ = {isa = PBXFileReference; lastKnownFileType = sourcecode.swift; path = JournalEntry.swift; sourceTree = "<group>"; };
		4AA77B0B2C06AFDB00565BF8 /* RatingView.swift */ = {isa = PBXFileReference; lastKnownFileType = sourcecode.swift; path = RatingView.swift; sourceTree = "<group>"; };
		4AA77B0D2C06B00000565BF8 /* LocationManager.swift */ = {isa = PBXFileReference; lastKnownFileType = sourcecode.swift; path = LocationManager.swift; sourceTree = "<group>"; };
		4AA77B0F2C06B99500565BF8 /* ImagePicker.swift */ = {isa = PBXFileReference; lastKnownFileType = sourcecode.swift; path = ImagePicker.swift; sourceTree = "<group>"; };
		4AA77B112C06B9FE00565BF8 /* JournalCell.swift */ = {isa = PBXFileReference; lastKnownFileType = sourcecode.swift; path = JournalCell.swift; sourceTree = "<group>"; };
		4AA77B132C06BDB000565BF8 /* JournalEntryDetailView.swift */ = {isa = PBXFileReference; lastKnownFileType = sourcecode.swift; path = JournalEntryDetailView.swift; sourceTree = "<group>"; };
/* End PBXFileReference section */

/* Begin PBXFrameworksBuildPhase section */
		4A55772A2C05C73C00D4626F /* Frameworks */ = {
			isa = PBXFrameworksBuildPhase;
			buildActionMask = 2147483647;
			files = (
			);
			runOnlyForDeploymentPostprocessing = 0;
		};
/* End PBXFrameworksBuildPhase section */

/* Begin PBXGroup section */
		4A5577242C05C73C00D4626F = {
			isa = PBXGroup;
			children = (
				4A55772F2C05C73C00D4626F /* JRNL-SwiftUI */,
				4A55772E2C05C73C00D4626F /* Products */,
			);
			sourceTree = "<group>";
		};
		4A55772E2C05C73C00D4626F /* Products */ = {
			isa = PBXGroup;
			children = (
				4A55772D2C05C73C00D4626F /* JRNL-SwiftUI.app */,
			);
			name = Products;
			sourceTree = "<group>";
		};
		4A55772F2C05C73C00D4626F /* JRNL-SwiftUI */ = {
			isa = PBXGroup;
			children = (
				4A5577302C05C73C00D4626F /* JRNL_SwiftUIApp.swift */,
				4A5577322C05C73C00D4626F /* ContentView.swift */,
				4A5577462C05CDAD00D4626F /* Model */,
				4AA77B0A2C06AFCB00565BF8 /* View */,
				4AA77B092C06AFC800565BF8 /* Coordinate */,
				4A5577342C05C73D00D4626F /* Assets.xcassets */,
				4A5577362C05C73D00D4626F /* Preview Content */,
				4A55773E2C05C79D00D4626F /* MapView.swift */,
				4A5577402C05C7A900D4626F /* JournalListView.swift */,
				4A5577422C05C9FA00D4626F /* AddJournalEntryView.swift */,
				4AA77B132C06BDB000565BF8 /* JournalEntryDetailView.swift */,
			);
			path = "JRNL-SwiftUI";
			sourceTree = "<group>";
		};
		4A5577362C05C73D00D4626F /* Preview Content */ = {
			isa = PBXGroup;
			children = (
				4A5577372C05C73D00D4626F /* Preview Assets.xcassets */,
			);
			path = "Preview Content";
			sourceTree = "<group>";
		};
		4A5577462C05CDAD00D4626F /* Model */ = {
			isa = PBXGroup;
			children = (
				4A5577442C05CDA800D4626F /* JournalEntry.swift */,
			);
			path = Model;
			sourceTree = "<group>";
		};
		4AA77B092C06AFC800565BF8 /* Coordinate */ = {
			isa = PBXGroup;
			children = (
				4AA77B0D2C06B00000565BF8 /* LocationManager.swift */,
				4AA77B0F2C06B99500565BF8 /* ImagePicker.swift */,
			);
			path = Coordinate;
			sourceTree = "<group>";
		};
		4AA77B0A2C06AFCB00565BF8 /* View */ = {
			isa = PBXGroup;
			children = (
				4AA77B0B2C06AFDB00565BF8 /* RatingView.swift */,
				4AA77B112C06B9FE00565BF8 /* JournalCell.swift */,
			);
			path = View;
			sourceTree = "<group>";
		};
/* End PBXGroup section */

/* Begin PBXNativeTarget section */
		4A55772C2C05C73C00D4626F /* JRNL-SwiftUI */ = {
			isa = PBXNativeTarget;
			buildConfigurationList = 4A55773B2C05C73D00D4626F /* Build configuration list for PBXNativeTarget "JRNL-SwiftUI" */;
			buildPhases = (
				4A5577292C05C73C00D4626F /* Sources */,
				4A55772A2C05C73C00D4626F /* Frameworks */,
				4A55772B2C05C73C00D4626F /* Resources */,
			);
			buildRules = (
			);
			dependencies = (
			);
			name = "JRNL-SwiftUI";
			productName = "JRNL-SwiftUI";
			productReference = 4A55772D2C05C73C00D4626F /* JRNL-SwiftUI.app */;
			productType = "com.apple.product-type.application";
		};
/* End PBXNativeTarget section */

/* Begin PBXProject section */
		4A5577252C05C73C00D4626F /* Project object */ = {
			isa = PBXProject;
			attributes = {
				BuildIndependentTargetsInParallel = 1;
				LastSwiftUpdateCheck = 1540;
				LastUpgradeCheck = 1540;
				TargetAttributes = {
					4A55772C2C05C73C00D4626F = {
						CreatedOnToolsVersion = 15.4;
					};
				};
			};
			buildConfigurationList = 4A5577282C05C73C00D4626F /* Build configuration list for PBXProject "JRNL-SwiftUI" */;
			compatibilityVersion = "Xcode 14.0";
			developmentRegion = en;
			hasScannedForEncodings = 0;
			knownRegions = (
				en,
				Base,
			);
			mainGroup = 4A5577242C05C73C00D4626F;
			productRefGroup = 4A55772E2C05C73C00D4626F /* Products */;
			projectDirPath = "";
			projectRoot = "";
			targets = (
				4A55772C2C05C73C00D4626F /* JRNL-SwiftUI */,
			);
		};
/* End PBXProject section */

/* Begin PBXResourcesBuildPhase section */
		4A55772B2C05C73C00D4626F /* Resources */ = {
			isa = PBXResourcesBuildPhase;
			buildActionMask = 2147483647;
			files = (
				4A5577382C05C73D00D4626F /* Preview Assets.xcassets in Resources */,
				4A5577352C05C73D00D4626F /* Assets.xcassets in Resources */,
			);
			runOnlyForDeploymentPostprocessing = 0;
		};
/* End PBXResourcesBuildPhase section */

/* Begin PBXSourcesBuildPhase section */
		4A5577292C05C73C00D4626F /* Sources */ = {
			isa = PBXSourcesBuildPhase;
			buildActionMask = 2147483647;
			files = (
				4A5577452C05CDA800D4626F /* JournalEntry.swift in Sources */,
				4A5577332C05C73C00D4626F /* ContentView.swift in Sources */,
				4A55773F2C05C79D00D4626F /* MapView.swift in Sources */,
				4AA77B122C06B9FE00565BF8 /* JournalCell.swift in Sources */,
				4AA77B102C06B99500565BF8 /* ImagePicker.swift in Sources */,
				4AA77B142C06BDB000565BF8 /* JournalEntryDetailView.swift in Sources */,
				4A5577412C05C7A900D4626F /* JournalListView.swift in Sources */,
				4AA77B0E2C06B00000565BF8 /* LocationManager.swift in Sources */,
				4A5577312C05C73C00D4626F /* JRNL_SwiftUIApp.swift in Sources */,
				4A5577432C05C9FA00D4626F /* AddJournalEntryView.swift in Sources */,
				4AA77B0C2C06AFDB00565BF8 /* RatingView.swift in Sources */,
			);
			runOnlyForDeploymentPostprocessing = 0;
		};
/* End PBXSourcesBuildPhase section */

/* Begin XCBuildConfiguration section */
		4A5577392C05C73D00D4626F /* Debug */ = {
			isa = XCBuildConfiguration;
			buildSettings = {
				ALWAYS_SEARCH_USER_PATHS = NO;
				ASSETCATALOG_COMPILER_GENERATE_SWIFT_ASSET_SYMBOL_EXTENSIONS = YES;
				CLANG_ANALYZER_NONNULL = YES;
				CLANG_ANALYZER_NUMBER_OBJECT_CONVERSION = YES_AGGRESSIVE;
				CLANG_CXX_LANGUAGE_STANDARD = "gnu++20";
				CLANG_ENABLE_MODULES = YES;
				CLANG_ENABLE_OBJC_ARC = YES;
				CLANG_ENABLE_OBJC_WEAK = YES;
				CLANG_WARN_BLOCK_CAPTURE_AUTORELEASING = YES;
				CLANG_WARN_BOOL_CONVERSION = YES;
				CLANG_WARN_COMMA = YES;
				CLANG_WARN_CONSTANT_CONVERSION = YES;
				CLANG_WARN_DEPRECATED_OBJC_IMPLEMENTATIONS = YES;
				CLANG_WARN_DIRECT_OBJC_ISA_USAGE = YES_ERROR;
				CLANG_WARN_DOCUMENTATION_COMMENTS = YES;
				CLANG_WARN_EMPTY_BODY = YES;
				CLANG_WARN_ENUM_CONVERSION = YES;
				CLANG_WARN_INFINITE_RECURSION = YES;
				CLANG_WARN_INT_CONVERSION = YES;
				CLANG_WARN_NON_LITERAL_NULL_CONVERSION = YES;
				CLANG_WARN_OBJC_IMPLICIT_RETAIN_SELF = YES;
				CLANG_WARN_OBJC_LITERAL_CONVERSION = YES;
				CLANG_WARN_OBJC_ROOT_CLASS = YES_ERROR;
				CLANG_WARN_QUOTED_INCLUDE_IN_FRAMEWORK_HEADER = YES;
				CLANG_WARN_RANGE_LOOP_ANALYSIS = YES;
				CLANG_WARN_STRICT_PROTOTYPES = YES;
				CLANG_WARN_SUSPICIOUS_MOVE = YES;
				CLANG_WARN_UNGUARDED_AVAILABILITY = YES_AGGRESSIVE;
				CLANG_WARN_UNREACHABLE_CODE = YES;
				CLANG_WARN__DUPLICATE_METHOD_MATCH = YES;
				COPY_PHASE_STRIP = NO;
				DEBUG_INFORMATION_FORMAT = dwarf;
				ENABLE_STRICT_OBJC_MSGSEND = YES;
				ENABLE_TESTABILITY = YES;
				ENABLE_USER_SCRIPT_SANDBOXING = YES;
				GCC_C_LANGUAGE_STANDARD = gnu17;
				GCC_DYNAMIC_NO_PIC = NO;
				GCC_NO_COMMON_BLOCKS = YES;
				GCC_OPTIMIZATION_LEVEL = 0;
				GCC_PREPROCESSOR_DEFINITIONS = (
					"DEBUG=1",
					"$(inherited)",
				);
				GCC_WARN_64_TO_32_BIT_CONVERSION = YES;
				GCC_WARN_ABOUT_RETURN_TYPE = YES_ERROR;
				GCC_WARN_UNDECLARED_SELECTOR = YES;
				GCC_WARN_UNINITIALIZED_AUTOS = YES_AGGRESSIVE;
				GCC_WARN_UNUSED_FUNCTION = YES;
				GCC_WARN_UNUSED_VARIABLE = YES;
				IPHONEOS_DEPLOYMENT_TARGET = 17.5;
				LOCALIZATION_PREFERS_STRING_CATALOGS = YES;
				MTL_ENABLE_DEBUG_INFO = INCLUDE_SOURCE;
				MTL_FAST_MATH = YES;
				ONLY_ACTIVE_ARCH = YES;
				SDKROOT = iphoneos;
				SWIFT_ACTIVE_COMPILATION_CONDITIONS = "DEBUG $(inherited)";
				SWIFT_OPTIMIZATION_LEVEL = "-Onone";
			};
			name = Debug;
		};
		4A55773A2C05C73D00D4626F /* Release */ = {
			isa = XCBuildConfiguration;
			buildSettings = {
				ALWAYS_SEARCH_USER_PATHS = NO;
				ASSETCATALOG_COMPILER_GENERATE_SWIFT_ASSET_SYMBOL_EXTENSIONS = YES;
				CLANG_ANALYZER_NONNULL = YES;
				CLANG_ANALYZER_NUMBER_OBJECT_CONVERSION = YES_AGGRESSIVE;
				CLANG_CXX_LANGUAGE_STANDARD = "gnu++20";
				CLANG_ENABLE_MODULES = YES;
				CLANG_ENABLE_OBJC_ARC = YES;
				CLANG_ENABLE_OBJC_WEAK = YES;
				CLANG_WARN_BLOCK_CAPTURE_AUTORELEASING = YES;
				CLANG_WARN_BOOL_CONVERSION = YES;
				CLANG_WARN_COMMA = YES;
				CLANG_WARN_CONSTANT_CONVERSION = YES;
				CLANG_WARN_DEPRECATED_OBJC_IMPLEMENTATIONS = YES;
				CLANG_WARN_DIRECT_OBJC_ISA_USAGE = YES_ERROR;
				CLANG_WARN_DOCUMENTATION_COMMENTS = YES;
				CLANG_WARN_EMPTY_BODY = YES;
				CLANG_WARN_ENUM_CONVERSION = YES;
				CLANG_WARN_INFINITE_RECURSION = YES;
				CLANG_WARN_INT_CONVERSION = YES;
				CLANG_WARN_NON_LITERAL_NULL_CONVERSION = YES;
				CLANG_WARN_OBJC_IMPLICIT_RETAIN_SELF = YES;
				CLANG_WARN_OBJC_LITERAL_CONVERSION = YES;
				CLANG_WARN_OBJC_ROOT_CLASS = YES_ERROR;
				CLANG_WARN_QUOTED_INCLUDE_IN_FRAMEWORK_HEADER = YES;
				CLANG_WARN_RANGE_LOOP_ANALYSIS = YES;
				CLANG_WARN_STRICT_PROTOTYPES = YES;
				CLANG_WARN_SUSPICIOUS_MOVE = YES;
				CLANG_WARN_UNGUARDED_AVAILABILITY = YES_AGGRESSIVE;
				CLANG_WARN_UNREACHABLE_CODE = YES;
				CLANG_WARN__DUPLICATE_METHOD_MATCH = YES;
				COPY_PHASE_STRIP = NO;
				DEBUG_INFORMATION_FORMAT = "dwarf-with-dsym";
				ENABLE_NS_ASSERTIONS = NO;
				ENABLE_STRICT_OBJC_MSGSEND = YES;
				ENABLE_USER_SCRIPT_SANDBOXING = YES;
				GCC_C_LANGUAGE_STANDARD = gnu17;
				GCC_NO_COMMON_BLOCKS = YES;
				GCC_WARN_64_TO_32_BIT_CONVERSION = YES;
				GCC_WARN_ABOUT_RETURN_TYPE = YES_ERROR;
				GCC_WARN_UNDECLARED_SELECTOR = YES;
				GCC_WARN_UNINITIALIZED_AUTOS = YES_AGGRESSIVE;
				GCC_WARN_UNUSED_FUNCTION = YES;
				GCC_WARN_UNUSED_VARIABLE = YES;
				IPHONEOS_DEPLOYMENT_TARGET = 17.5;
				LOCALIZATION_PREFERS_STRING_CATALOGS = YES;
				MTL_ENABLE_DEBUG_INFO = NO;
				MTL_FAST_MATH = YES;
				SDKROOT = iphoneos;
				SWIFT_COMPILATION_MODE = wholemodule;
				VALIDATE_PRODUCT = YES;
			};
			name = Release;
		};
		4A55773C2C05C73D00D4626F /* Debug */ = {
			isa = XCBuildConfiguration;
			buildSettings = {
				ASSETCATALOG_COMPILER_APPICON_NAME = AppIcon;
				ASSETCATALOG_COMPILER_GLOBAL_ACCENT_COLOR_NAME = AccentColor;
				CODE_SIGN_STYLE = Automatic;
				CURRENT_PROJECT_VERSION = 1;
				DEVELOPMENT_ASSET_PATHS = "\"JRNL-SwiftUI/Preview Content\"";
				DEVELOPMENT_TEAM = 2TXBC7N5Q5;
				ENABLE_PREVIEWS = YES;
				GENERATE_INFOPLIST_FILE = YES;
				INFOPLIST_KEY_NSCameraUsageDescription = .;
				INFOPLIST_KEY_NSLocationAlwaysAndWhenInUseUsageDescription = .;
				INFOPLIST_KEY_NSLocationWhenInUseUsageDescription = .;
				INFOPLIST_KEY_NSPhotoLibraryUsageDescription = .;
				INFOPLIST_KEY_UIApplicationSceneManifest_Generation = YES;
				INFOPLIST_KEY_UIApplicationSupportsIndirectInputEvents = YES;
				INFOPLIST_KEY_UILaunchScreen_Generation = YES;
				INFOPLIST_KEY_UISupportedInterfaceOrientations_iPad = "UIInterfaceOrientationPortrait UIInterfaceOrientationPortraitUpsideDown UIInterfaceOrientationLandscapeLeft UIInterfaceOrientationLandscapeRight";
				INFOPLIST_KEY_UISupportedInterfaceOrientations_iPhone = "UIInterfaceOrientationPortrait UIInterfaceOrientationLandscapeLeft UIInterfaceOrientationLandscapeRight";
				LD_RUNPATH_SEARCH_PATHS = (
					"$(inherited)",
					"@executable_path/Frameworks",
				);
				MARKETING_VERSION = 1.0;
				PRODUCT_BUNDLE_IDENTIFIER = "com.mabatakismith.JRNL-SwiftUI";
				PRODUCT_NAME = "$(TARGET_NAME)";
				SWIFT_EMIT_LOC_STRINGS = YES;
				SWIFT_VERSION = 5.0;
				TARGETED_DEVICE_FAMILY = "1,2";
			};
			name = Debug;
		};
		4A55773D2C05C73D00D4626F /* Release */ = {
			isa = XCBuildConfiguration;
			buildSettings = {
				ASSETCATALOG_COMPILER_APPICON_NAME = AppIcon;
				ASSETCATALOG_COMPILER_GLOBAL_ACCENT_COLOR_NAME = AccentColor;
				CODE_SIGN_STYLE = Automatic;
				CURRENT_PROJECT_VERSION = 1;
				DEVELOPMENT_ASSET_PATHS = "\"JRNL-SwiftUI/Preview Content\"";
				DEVELOPMENT_TEAM = 2TXBC7N5Q5;
				ENABLE_PREVIEWS = YES;
				GENERATE_INFOPLIST_FILE = YES;
				INFOPLIST_KEY_NSCameraUsageDescription = .;
				INFOPLIST_KEY_NSLocationAlwaysAndWhenInUseUsageDescription = .;
				INFOPLIST_KEY_NSLocationWhenInUseUsageDescription = .;
				INFOPLIST_KEY_NSPhotoLibraryUsageDescription = .;
				INFOPLIST_KEY_UIApplicationSceneManifest_Generation = YES;
				INFOPLIST_KEY_UIApplicationSupportsIndirectInputEvents = YES;
				INFOPLIST_KEY_UILaunchScreen_Generation = YES;
				INFOPLIST_KEY_UISupportedInterfaceOrientations_iPad = "UIInterfaceOrientationPortrait UIInterfaceOrientationPortraitUpsideDown UIInterfaceOrientationLandscapeLeft UIInterfaceOrientationLandscapeRight";
				INFOPLIST_KEY_UISupportedInterfaceOrientations_iPhone = "UIInterfaceOrientationPortrait UIInterfaceOrientationLandscapeLeft UIInterfaceOrientationLandscapeRight";
				LD_RUNPATH_SEARCH_PATHS = (
					"$(inherited)",
					"@executable_path/Frameworks",
				);
				MARKETING_VERSION = 1.0;
				PRODUCT_BUNDLE_IDENTIFIER = "com.mabatakismith.JRNL-SwiftUI";
				PRODUCT_NAME = "$(TARGET_NAME)";
				SWIFT_EMIT_LOC_STRINGS = YES;
				SWIFT_VERSION = 5.0;
				TARGETED_DEVICE_FAMILY = "1,2";
			};
			name = Release;
		};
/* End XCBuildConfiguration section */

/* Begin XCConfigurationList section */
		4A5577282C05C73C00D4626F /* Build configuration list for PBXProject "JRNL-SwiftUI" */ = {
			isa = XCConfigurationList;
			buildConfigurations = (
				4A5577392C05C73D00D4626F /* Debug */,
				4A55773A2C05C73D00D4626F /* Release */,
			);
			defaultConfigurationIsVisible = 0;
			defaultConfigurationName = Release;
		};
		4A55773B2C05C73D00D4626F /* Build configuration list for PBXNativeTarget "JRNL-SwiftUI" */ = {
			isa = XCConfigurationList;
			buildConfigurations = (
				4A55773C2C05C73D00D4626F /* Debug */,
				4A55773D2C05C73D00D4626F /* Release */,
			);
			defaultConfigurationIsVisible = 0;
			defaultConfigurationName = Release;
		};
/* End XCConfigurationList section */
	};
	rootObject = 4A5577252C05C73C00D4626F /* Project object */;
}
