// !$*UTF8*$!
{
	archiveVersion = 1;
	classes = {
	};
	objectVersion = 56;
	objects = {

/* Begin PBXBuildFile section */
		4A193D742BF191E8008B5BC9 /* AppDelegate.swift in Sources */ = {isa = PBXBuildFile; fileRef = 4A193D732BF191E8008B5BC9 /* AppDelegate.swift */; };
		4A193D762BF191E8008B5BC9 /* SceneDelegate.swift in Sources */ = {isa = PBXBuildFile; fileRef = 4A193D752BF191E8008B5BC9 /* SceneDelegate.swift */; };
		4A193D782BF191E8008B5BC9 /* JournalListViewController.swift in Sources */ = {isa = PBXBuildFile; fileRef = 4A193D772BF191E8008B5BC9 /* JournalListViewController.swift */; };
		4A193D7D2BF191F1008B5BC9 /* Assets.xcassets in Resources */ = {isa = PBXBuildFile; fileRef = 4A193D7C2BF191F1008B5BC9 /* Assets.xcassets */; };
		4A193D802BF191F1008B5BC9 /* Base in Resources */ = {isa = PBXBuildFile; fileRef = 4A193D7F2BF191F1008B5BC9 /* Base */; };
		4A193D882BF1966C008B5BC9 /* MapViewController.swift in Sources */ = {isa = PBXBuildFile; fileRef = 4A193D872BF1966C008B5BC9 /* MapViewController.swift */; };
		4A193D8A2BF1A2AB008B5BC9 /* AddJournalViewController.swift in Sources */ = {isa = PBXBuildFile; fileRef = 4A193D892BF1A2AB008B5BC9 /* AddJournalViewController.swift */; };
		4A193D8C2BF1B3F3008B5BC9 /* JournalDetailViewController.swift in Sources */ = {isa = PBXBuildFile; fileRef = 4A193D8B2BF1B3F3008B5BC9 /* JournalDetailViewController.swift */; };
		4A193D8E2BF1B575008B5BC9 /* JournalListTableViewCell.swift in Sources */ = {isa = PBXBuildFile; fileRef = 4A193D8D2BF1B575008B5BC9 /* JournalListTableViewCell.swift */; };
		4A193D912BF1E4EC008B5BC9 /* JournalEntry.swift in Sources */ = {isa = PBXBuildFile; fileRef = 4A193D902BF1E4EC008B5BC9 /* JournalEntry.swift */; };
		4A47466B2BF6E4D60057F82E /* CustomTableViewCell.swift in Sources */ = {isa = PBXBuildFile; fileRef = 4A47466A2BF6E4D60057F82E /* CustomTableViewCell.swift */; };
/* End PBXBuildFile section */

/* Begin PBXFileReference section */
		4A193D702BF191E8008B5BC9 /* JRNL-CodeOnly.app */ = {isa = PBXFileReference; explicitFileType = wrapper.application; includeInIndex = 0; path = "JRNL-CodeOnly.app"; sourceTree = BUILT_PRODUCTS_DIR; };
		4A193D732BF191E8008B5BC9 /* AppDelegate.swift */ = {isa = PBXFileReference; lastKnownFileType = sourcecode.swift; path = AppDelegate.swift; sourceTree = "<group>"; };
		4A193D752BF191E8008B5BC9 /* SceneDelegate.swift */ = {isa = PBXFileReference; lastKnownFileType = sourcecode.swift; path = SceneDelegate.swift; sourceTree = "<group>"; };
		4A193D772BF191E8008B5BC9 /* JournalListViewController.swift */ = {isa = PBXFileReference; lastKnownFileType = sourcecode.swift; path = JournalListViewController.swift; sourceTree = "<group>"; };
		4A193D7C2BF191F1008B5BC9 /* Assets.xcassets */ = {isa = PBXFileReference; lastKnownFileType = folder.assetcatalog; path = Assets.xcassets; sourceTree = "<group>"; };
		4A193D7F2BF191F1008B5BC9 /* Base */ = {isa = PBXFileReference; lastKnownFileType = file.storyboard; name = Base; path = Base.lproj/LaunchScreen.storyboard; sourceTree = "<group>"; };
		4A193D812BF191F1008B5BC9 /* Info.plist */ = {isa = PBXFileReference; lastKnownFileType = text.plist.xml; path = Info.plist; sourceTree = "<group>"; };
		4A193D872BF1966C008B5BC9 /* MapViewController.swift */ = {isa = PBXFileReference; lastKnownFileType = sourcecode.swift; path = MapViewController.swift; sourceTree = "<group>"; };
		4A193D892BF1A2AB008B5BC9 /* AddJournalViewController.swift */ = {isa = PBXFileReference; lastKnownFileType = sourcecode.swift; path = AddJournalViewController.swift; sourceTree = "<group>"; };
		4A193D8B2BF1B3F3008B5BC9 /* JournalDetailViewController.swift */ = {isa = PBXFileReference; lastKnownFileType = sourcecode.swift; path = JournalDetailViewController.swift; sourceTree = "<group>"; };
		4A193D8D2BF1B575008B5BC9 /* JournalListTableViewCell.swift */ = {isa = PBXFileReference; lastKnownFileType = sourcecode.swift; path = JournalListTableViewCell.swift; sourceTree = "<group>"; };
		4A193D902BF1E4EC008B5BC9 /* JournalEntry.swift */ = {isa = PBXFileReference; lastKnownFileType = sourcecode.swift; path = JournalEntry.swift; sourceTree = "<group>"; };
		4A47466A2BF6E4D60057F82E /* CustomTableViewCell.swift */ = {isa = PBXFileReference; lastKnownFileType = sourcecode.swift; path = CustomTableViewCell.swift; sourceTree = "<group>"; };
/* End PBXFileReference section */

/* Begin PBXFrameworksBuildPhase section */
		4A193D6D2BF191E8008B5BC9 /* Frameworks */ = {
			isa = PBXFrameworksBuildPhase;
			buildActionMask = 2147483647;
			files = (
			);
			runOnlyForDeploymentPostprocessing = 0;
		};
/* End PBXFrameworksBuildPhase section */

/* Begin PBXGroup section */
		4A193D672BF191E8008B5BC9 = {
			isa = PBXGroup;
			children = (
				4A193D722BF191E8008B5BC9 /* JRNL-CodeOnly */,
				4A193D712BF191E8008B5BC9 /* Products */,
			);
			sourceTree = "<group>";
		};
		4A193D712BF191E8008B5BC9 /* Products */ = {
			isa = PBXGroup;
			children = (
				4A193D702BF191E8008B5BC9 /* JRNL-CodeOnly.app */,
			);
			name = Products;
			sourceTree = "<group>";
		};
		4A193D722BF191E8008B5BC9 /* JRNL-CodeOnly */ = {
			isa = PBXGroup;
			children = (
				4A193D732BF191E8008B5BC9 /* AppDelegate.swift */,
				4A193D752BF191E8008B5BC9 /* SceneDelegate.swift */,
				4A193D872BF1966C008B5BC9 /* MapViewController.swift */,
				4A193D8F2BF1B586008B5BC9 /* JournalListScreen */,
				4A193D8B2BF1B3F3008B5BC9 /* JournalDetailViewController.swift */,
				4A193D892BF1A2AB008B5BC9 /* AddJournalViewController.swift */,
				4A47466A2BF6E4D60057F82E /* CustomTableViewCell.swift */,
				4A193D7C2BF191F1008B5BC9 /* Assets.xcassets */,
				4A193D7E2BF191F1008B5BC9 /* LaunchScreen.storyboard */,
				4A193D812BF191F1008B5BC9 /* Info.plist */,
			);
			path = "JRNL-CodeOnly";
			sourceTree = "<group>";
		};
		4A193D8F2BF1B586008B5BC9 /* JournalListScreen */ = {
			isa = PBXGroup;
			children = (
				4A193D772BF191E8008B5BC9 /* JournalListViewController.swift */,
				4A193D8D2BF1B575008B5BC9 /* JournalListTableViewCell.swift */,
				4A193D902BF1E4EC008B5BC9 /* JournalEntry.swift */,
			);
			path = JournalListScreen;
			sourceTree = "<group>";
		};
/* End PBXGroup section */

/* Begin PBXNativeTarget section */
		4A193D6F2BF191E8008B5BC9 /* JRNL-CodeOnly */ = {
			isa = PBXNativeTarget;
			buildConfigurationList = 4A193D842BF191F1008B5BC9 /* Build configuration list for PBXNativeTarget "JRNL-CodeOnly" */;
			buildPhases = (
				4A193D6C2BF191E8008B5BC9 /* Sources */,
				4A193D6D2BF191E8008B5BC9 /* Frameworks */,
				4A193D6E2BF191E8008B5BC9 /* Resources */,
			);
			buildRules = (
			);
			dependencies = (
			);
			name = "JRNL-CodeOnly";
			productName = "JRNL-CodeOnly";
			productReference = 4A193D702BF191E8008B5BC9 /* JRNL-CodeOnly.app */;
			productType = "com.apple.product-type.application";
		};
/* End PBXNativeTarget section */

/* Begin PBXProject section */
		4A193D682BF191E8008B5BC9 /* Project object */ = {
			isa = PBXProject;
			attributes = {
				BuildIndependentTargetsInParallel = 1;
				LastSwiftUpdateCheck = 1530;
				LastUpgradeCheck = 1530;
				TargetAttributes = {
					4A193D6F2BF191E8008B5BC9 = {
						CreatedOnToolsVersion = 15.3;
					};
				};
			};
			buildConfigurationList = 4A193D6B2BF191E8008B5BC9 /* Build configuration list for PBXProject "JRNL-CodeOnly" */;
			compatibilityVersion = "Xcode 14.0";
			developmentRegion = en;
			hasScannedForEncodings = 0;
			knownRegions = (
				en,
				Base,
			);
			mainGroup = 4A193D672BF191E8008B5BC9;
			productRefGroup = 4A193D712BF191E8008B5BC9 /* Products */;
			projectDirPath = "";
			projectRoot = "";
			targets = (
				4A193D6F2BF191E8008B5BC9 /* JRNL-CodeOnly */,
			);
		};
/* End PBXProject section */

/* Begin PBXResourcesBuildPhase section */
		4A193D6E2BF191E8008B5BC9 /* Resources */ = {
			isa = PBXResourcesBuildPhase;
			buildActionMask = 2147483647;
			files = (
				4A193D7D2BF191F1008B5BC9 /* Assets.xcassets in Resources */,
				4A193D802BF191F1008B5BC9 /* Base in Resources */,
			);
			runOnlyForDeploymentPostprocessing = 0;
		};
/* End PBXResourcesBuildPhase section */

/* Begin PBXSourcesBuildPhase section */
		4A193D6C2BF191E8008B5BC9 /* Sources */ = {
			isa = PBXSourcesBuildPhase;
			buildActionMask = 2147483647;
			files = (
				4A47466B2BF6E4D60057F82E /* CustomTableViewCell.swift in Sources */,
				4A193D782BF191E8008B5BC9 /* JournalListViewController.swift in Sources */,
				4A193D8C2BF1B3F3008B5BC9 /* JournalDetailViewController.swift in Sources */,
				4A193D912BF1E4EC008B5BC9 /* JournalEntry.swift in Sources */,
				4A193D8E2BF1B575008B5BC9 /* JournalListTableViewCell.swift in Sources */,
				4A193D742BF191E8008B5BC9 /* AppDelegate.swift in Sources */,
				4A193D762BF191E8008B5BC9 /* SceneDelegate.swift in Sources */,
				4A193D882BF1966C008B5BC9 /* MapViewController.swift in Sources */,
				4A193D8A2BF1A2AB008B5BC9 /* AddJournalViewController.swift in Sources */,
			);
			runOnlyForDeploymentPostprocessing = 0;
		};
/* End PBXSourcesBuildPhase section */

/* Begin PBXVariantGroup section */
		4A193D7E2BF191F1008B5BC9 /* LaunchScreen.storyboard */ = {
			isa = PBXVariantGroup;
			children = (
				4A193D7F2BF191F1008B5BC9 /* Base */,
			);
			name = LaunchScreen.storyboard;
			sourceTree = "<group>";
		};
/* End PBXVariantGroup section */

/* Begin XCBuildConfiguration section */
		4A193D822BF191F1008B5BC9 /* Debug */ = {
			isa = XCBuildConfiguration;
			buildSettings = {
				ALWAYS_SEARCH_USER_PATHS = NO;
				ASSETCATALOG_COMPILER_GENERATE_SWIFT_ASSET_SYMBOL_EXTENSIONS = YES;
				CLANG_ANALYZER_NONNULL = YES;
				CLANG_ANALYZER_NUMBER_OBJECT_CONVERSION = YES_AGGRESSIVE;
				CLANG_CXX_LANGUAGE_STANDARD = "gnu++20";
				CLANG_ENABLE_MODULES = YES;
				CLANG_ENABLE_OBJC_ARC = YES;
				CLANG_ENABLE_OBJC_WEAK = YES;
				CLANG_WARN_BLOCK_CAPTURE_AUTORELEASING = YES;
				CLANG_WARN_BOOL_CONVERSION = YES;
				CLANG_WARN_COMMA = YES;
				CLANG_WARN_CONSTANT_CONVERSION = YES;
				CLANG_WARN_DEPRECATED_OBJC_IMPLEMENTATIONS = YES;
				CLANG_WARN_DIRECT_OBJC_ISA_USAGE = YES_ERROR;
				CLANG_WARN_DOCUMENTATION_COMMENTS = YES;
				CLANG_WARN_EMPTY_BODY = YES;
				CLANG_WARN_ENUM_CONVERSION = YES;
				CLANG_WARN_INFINITE_RECURSION = YES;
				CLANG_WARN_INT_CONVERSION = YES;
				CLANG_WARN_NON_LITERAL_NULL_CONVERSION = YES;
				CLANG_WARN_OBJC_IMPLICIT_RETAIN_SELF = YES;
				CLANG_WARN_OBJC_LITERAL_CONVERSION = YES;
				CLANG_WARN_OBJC_ROOT_CLASS = YES_ERROR;
				CLANG_WARN_QUOTED_INCLUDE_IN_FRAMEWORK_HEADER = YES;
				CLANG_WARN_RANGE_LOOP_ANALYSIS = YES;
				CLANG_WARN_STRICT_PROTOTYPES = YES;
				CLANG_WARN_SUSPICIOUS_MOVE = YES;
				CLANG_WARN_UNGUARDED_AVAILABILITY = YES_AGGRESSIVE;
				CLANG_WARN_UNREACHABLE_CODE = YES;
				CLANG_WARN__DUPLICATE_METHOD_MATCH = YES;
				COPY_PHASE_STRIP = NO;
				DEBUG_INFORMATION_FORMAT = dwarf;
				ENABLE_STRICT_OBJC_MSGSEND = YES;
				ENABLE_TESTABILITY = YES;
				ENABLE_USER_SCRIPT_SANDBOXING = YES;
				GCC_C_LANGUAGE_STANDARD = gnu17;
				GCC_DYNAMIC_NO_PIC = NO;
				GCC_NO_COMMON_BLOCKS = YES;
				GCC_OPTIMIZATION_LEVEL = 0;
				GCC_PREPROCESSOR_DEFINITIONS = (
					"DEBUG=1",
					"$(inherited)",
				);
				GCC_WARN_64_TO_32_BIT_CONVERSION = YES;
				GCC_WARN_ABOUT_RETURN_TYPE = YES_ERROR;
				GCC_WARN_UNDECLARED_SELECTOR = YES;
				GCC_WARN_UNINITIALIZED_AUTOS = YES_AGGRESSIVE;
				GCC_WARN_UNUSED_FUNCTION = YES;
				GCC_WARN_UNUSED_VARIABLE = YES;
				IPHONEOS_DEPLOYMENT_TARGET = 17.4;
				LOCALIZATION_PREFERS_STRING_CATALOGS = YES;
				MTL_ENABLE_DEBUG_INFO = INCLUDE_SOURCE;
				MTL_FAST_MATH = YES;
				ONLY_ACTIVE_ARCH = YES;
				SDKROOT = iphoneos;
				SWIFT_ACTIVE_COMPILATION_CONDITIONS = "DEBUG $(inherited)";
				SWIFT_OPTIMIZATION_LEVEL = "-Onone";
			};
			name = Debug;
		};
		4A193D832BF191F1008B5BC9 /* Release */ = {
			isa = XCBuildConfiguration;
			buildSettings = {
				ALWAYS_SEARCH_USER_PATHS = NO;
				ASSETCATALOG_COMPILER_GENERATE_SWIFT_ASSET_SYMBOL_EXTENSIONS = YES;
				CLANG_ANALYZER_NONNULL = YES;
				CLANG_ANALYZER_NUMBER_OBJECT_CONVERSION = YES_AGGRESSIVE;
				CLANG_CXX_LANGUAGE_STANDARD = "gnu++20";
				CLANG_ENABLE_MODULES = YES;
				CLANG_ENABLE_OBJC_ARC = YES;
				CLANG_ENABLE_OBJC_WEAK = YES;
				CLANG_WARN_BLOCK_CAPTURE_AUTORELEASING = YES;
				CLANG_WARN_BOOL_CONVERSION = YES;
				CLANG_WARN_COMMA = YES;
				CLANG_WARN_CONSTANT_CONVERSION = YES;
				CLANG_WARN_DEPRECATED_OBJC_IMPLEMENTATIONS = YES;
				CLANG_WARN_DIRECT_OBJC_ISA_USAGE = YES_ERROR;
				CLANG_WARN_DOCUMENTATION_COMMENTS = YES;
				CLANG_WARN_EMPTY_BODY = YES;
				CLANG_WARN_ENUM_CONVERSION = YES;
				CLANG_WARN_INFINITE_RECURSION = YES;
				CLANG_WARN_INT_CONVERSION = YES;
				CLANG_WARN_NON_LITERAL_NULL_CONVERSION = YES;
				CLANG_WARN_OBJC_IMPLICIT_RETAIN_SELF = YES;
				CLANG_WARN_OBJC_LITERAL_CONVERSION = YES;
				CLANG_WARN_OBJC_ROOT_CLASS = YES_ERROR;
				CLANG_WARN_QUOTED_INCLUDE_IN_FRAMEWORK_HEADER = YES;
				CLANG_WARN_RANGE_LOOP_ANALYSIS = YES;
				CLANG_WARN_STRICT_PROTOTYPES = YES;
				CLANG_WARN_SUSPICIOUS_MOVE = YES;
				CLANG_WARN_UNGUARDED_AVAILABILITY = YES_AGGRESSIVE;
				CLANG_WARN_UNREACHABLE_CODE = YES;
				CLANG_WARN__DUPLICATE_METHOD_MATCH = YES;
				COPY_PHASE_STRIP = NO;
				DEBUG_INFORMATION_FORMAT = "dwarf-with-dsym";
				ENABLE_NS_ASSERTIONS = NO;
				ENABLE_STRICT_OBJC_MSGSEND = YES;
				ENABLE_USER_SCRIPT_SANDBOXING = YES;
				GCC_C_LANGUAGE_STANDARD = gnu17;
				GCC_NO_COMMON_BLOCKS = YES;
				GCC_WARN_64_TO_32_BIT_CONVERSION = YES;
				GCC_WARN_ABOUT_RETURN_TYPE = YES_ERROR;
				GCC_WARN_UNDECLARED_SELECTOR = YES;
				GCC_WARN_UNINITIALIZED_AUTOS = YES_AGGRESSIVE;
				GCC_WARN_UNUSED_FUNCTION = YES;
				GCC_WARN_UNUSED_VARIABLE = YES;
				IPHONEOS_DEPLOYMENT_TARGET = 17.4;
				LOCALIZATION_PREFERS_STRING_CATALOGS = YES;
				MTL_ENABLE_DEBUG_INFO = NO;
				MTL_FAST_MATH = YES;
				SDKROOT = iphoneos;
				SWIFT_COMPILATION_MODE = wholemodule;
				VALIDATE_PRODUCT = YES;
			};
			name = Release;
		};
		4A193D852BF191F1008B5BC9 /* Debug */ = {
			isa = XCBuildConfiguration;
			buildSettings = {
				ASSETCATALOG_COMPILER_APPICON_NAME = AppIcon;
				ASSETCATALOG_COMPILER_GLOBAL_ACCENT_COLOR_NAME = AccentColor;
				CODE_SIGN_STYLE = Automatic;
				CURRENT_PROJECT_VERSION = 1;
				DEVELOPMENT_TEAM = 2TXBC7N5Q5;
				GENERATE_INFOPLIST_FILE = YES;
				INFOPLIST_FILE = "JRNL-CodeOnly/Info.plist";
				INFOPLIST_KEY_NSLocationAlwaysAndWhenInUseUsageDescription = "";
				INFOPLIST_KEY_NSLocationWhenInUseUsageDescription = "사용 할때만 사용";
				INFOPLIST_KEY_UIApplicationSupportsIndirectInputEvents = YES;
				INFOPLIST_KEY_UILaunchStoryboardName = LaunchScreen;
				INFOPLIST_KEY_UISupportedInterfaceOrientations_iPad = "UIInterfaceOrientationPortrait UIInterfaceOrientationPortraitUpsideDown UIInterfaceOrientationLandscapeLeft UIInterfaceOrientationLandscapeRight";
				INFOPLIST_KEY_UISupportedInterfaceOrientations_iPhone = "UIInterfaceOrientationPortrait UIInterfaceOrientationLandscapeLeft UIInterfaceOrientationLandscapeRight";
				LD_RUNPATH_SEARCH_PATHS = (
					"$(inherited)",
					"@executable_path/Frameworks",
				);
				MARKETING_VERSION = 1.0;
				PRODUCT_BUNDLE_IDENTIFIER = "com.mabatakismith.JRNL-CodeOnly";
				PRODUCT_NAME = "$(TARGET_NAME)";
				SWIFT_EMIT_LOC_STRINGS = YES;
				SWIFT_VERSION = 5.0;
				TARGETED_DEVICE_FAMILY = "1,2";
			};
			name = Debug;
		};
		4A193D862BF191F1008B5BC9 /* Release */ = {
			isa = XCBuildConfiguration;
			buildSettings = {
				ASSETCATALOG_COMPILER_APPICON_NAME = AppIcon;
				ASSETCATALOG_COMPILER_GLOBAL_ACCENT_COLOR_NAME = AccentColor;
				CODE_SIGN_STYLE = Automatic;
				CURRENT_PROJECT_VERSION = 1;
				DEVELOPMENT_TEAM = 2TXBC7N5Q5;
				GENERATE_INFOPLIST_FILE = YES;
				INFOPLIST_FILE = "JRNL-CodeOnly/Info.plist";
				INFOPLIST_KEY_NSLocationAlwaysAndWhenInUseUsageDescription = "";
				INFOPLIST_KEY_NSLocationWhenInUseUsageDescription = "사용 할때만 사용";
				INFOPLIST_KEY_UIApplicationSupportsIndirectInputEvents = YES;
				INFOPLIST_KEY_UILaunchStoryboardName = LaunchScreen;
				INFOPLIST_KEY_UISupportedInterfaceOrientations_iPad = "UIInterfaceOrientationPortrait UIInterfaceOrientationPortraitUpsideDown UIInterfaceOrientationLandscapeLeft UIInterfaceOrientationLandscapeRight";
				INFOPLIST_KEY_UISupportedInterfaceOrientations_iPhone = "UIInterfaceOrientationPortrait UIInterfaceOrientationLandscapeLeft UIInterfaceOrientationLandscapeRight";
				LD_RUNPATH_SEARCH_PATHS = (
					"$(inherited)",
					"@executable_path/Frameworks",
				);
				MARKETING_VERSION = 1.0;
				PRODUCT_BUNDLE_IDENTIFIER = "com.mabatakismith.JRNL-CodeOnly";
				PRODUCT_NAME = "$(TARGET_NAME)";
				SWIFT_EMIT_LOC_STRINGS = YES;
				SWIFT_VERSION = 5.0;
				TARGETED_DEVICE_FAMILY = "1,2";
			};
			name = Release;
		};
/* End XCBuildConfiguration section */

/* Begin XCConfigurationList section */
		4A193D6B2BF191E8008B5BC9 /* Build configuration list for PBXProject "JRNL-CodeOnly" */ = {
			isa = XCConfigurationList;
			buildConfigurations = (
				4A193D822BF191F1008B5BC9 /* Debug */,
				4A193D832BF191F1008B5BC9 /* Release */,
			);
			defaultConfigurationIsVisible = 0;
			defaultConfigurationName = Release;
		};
		4A193D842BF191F1008B5BC9 /* Build configuration list for PBXNativeTarget "JRNL-CodeOnly" */ = {
			isa = XCConfigurationList;
			buildConfigurations = (
				4A193D852BF191F1008B5BC9 /* Debug */,
				4A193D862BF191F1008B5BC9 /* Release */,
			);
			defaultConfigurationIsVisible = 0;
			defaultConfigurationName = Release;
		};
/* End XCConfigurationList section */
	};
	rootObject = 4A193D682BF191E8008B5BC9 /* Project object */;
}
