// !$*UTF8*$!
{
	archiveVersion = 1;
	classes = {
	};
	objectVersion = 56;
	objects = {

/* Begin PBXBuildFile section */
		4A29B95B2C40AED0008DD083 /* MenuItemTests.swift in Sources */ = {isa = PBXBuildFile; fileRef = 4A29B95A2C40AED0008DD083 /* MenuItemTests.swift */; };
		4A29B95D2C40B19C008DD083 /* menu_item.json in Resources */ = {isa = PBXBuildFile; fileRef = 4A29B95C2C40B19C008DD083 /* menu_item.json */; };
		4A29B95F2C40B498008DD083 /* XCTestCase+JSON.swift in Sources */ = {isa = PBXBuildFile; fileRef = 4A29B95E2C40B498008DD083 /* XCTestCase+JSON.swift */; };
		4A29B9612C40BD29008DD083 /* MenuFetcher.swift in Sources */ = {isa = PBXBuildFile; fileRef = 4A29B9602C40BD29008DD083 /* MenuFetcher.swift */; };
		4A29B9632C40BD37008DD083 /* MenuFetcherTests.swift in Sources */ = {isa = PBXBuildFile; fileRef = 4A29B9622C40BD37008DD083 /* MenuFetcherTests.swift */; };
		4A29B9652C40C8D1008DD083 /* NetworkFetching.swift in Sources */ = {isa = PBXBuildFile; fileRef = 4A29B9642C40C8D1008DD083 /* NetworkFetching.swift */; };
		4A29B9672C40C8E9008DD083 /* URLSession+NetworkFetching.swift in Sources */ = {isa = PBXBuildFile; fileRef = 4A29B9662C40C8E9008DD083 /* URLSession+NetworkFetching.swift */; };
		4AFFFBF82C3E40640074665E /* AlbertosApp.swift in Sources */ = {isa = PBXBuildFile; fileRef = 4AFFFBF72C3E40640074665E /* AlbertosApp.swift */; };
		4AFFFBFA2C3E40640074665E /* MenuList.swift in Sources */ = {isa = PBXBuildFile; fileRef = 4AFFFBF92C3E40640074665E /* MenuList.swift */; };
		4AFFFBFC2C3E40660074665E /* Assets.xcassets in Resources */ = {isa = PBXBuildFile; fileRef = 4AFFFBFB2C3E40660074665E /* Assets.xcassets */; };
		4AFFFBFF2C3E40660074665E /* Preview Assets.xcassets in Resources */ = {isa = PBXBuildFile; fileRef = 4AFFFBFE2C3E40660074665E /* Preview Assets.xcassets */; };
		4AFFFC092C3E40660074665E /* MenuGroupingTests.swift in Sources */ = {isa = PBXBuildFile; fileRef = 4AFFFC082C3E40660074665E /* MenuGroupingTests.swift */; };
		4AFFFC132C3E40660074665E /* AlbertosUITests.swift in Sources */ = {isa = PBXBuildFile; fileRef = 4AFFFC122C3E40660074665E /* AlbertosUITests.swift */; };
		4AFFFC152C3E40660074665E /* AlbertosUITestsLaunchTests.swift in Sources */ = {isa = PBXBuildFile; fileRef = 4AFFFC142C3E40660074665E /* AlbertosUITestsLaunchTests.swift */; };
		4AFFFC222C3E42CF0074665E /* MenuItem.swift in Sources */ = {isa = PBXBuildFile; fileRef = 4AFFFC212C3E42CF0074665E /* MenuItem.swift */; };
		4AFFFC242C3E42EA0074665E /* MenuSection.swift in Sources */ = {isa = PBXBuildFile; fileRef = 4AFFFC232C3E42EA0074665E /* MenuSection.swift */; };
		4AFFFC2A2C3F5F8F0074665E /* Array+Safe.swift in Sources */ = {isa = PBXBuildFile; fileRef = 4AFFFC292C3F5F8F0074665E /* Array+Safe.swift */; };
		4AFFFC2C2C3F5FA40074665E /* MenuItem+Fixture.swift in Sources */ = {isa = PBXBuildFile; fileRef = 4AFFFC2B2C3F5FA40074665E /* MenuItem+Fixture.swift */; };
		4AFFFC2E2C3F69910074665E /* MenuSection+Fixture.swift in Sources */ = {isa = PBXBuildFile; fileRef = 4AFFFC2D2C3F69910074665E /* MenuSection+Fixture.swift */; };
		4AFFFC302C3F6CC40074665E /* MenuRow.swift in Sources */ = {isa = PBXBuildFile; fileRef = 4AFFFC2F2C3F6CC40074665E /* MenuRow.swift */; };
		4AFFFC322C3F6D340074665E /* MenuRowViewModelTests.swift in Sources */ = {isa = PBXBuildFile; fileRef = 4AFFFC312C3F6D340074665E /* MenuRowViewModelTests.swift */; };
		4AFFFC342C3F6FA10074665E /* MenuRow.ViewModel.swift in Sources */ = {isa = PBXBuildFile; fileRef = 4AFFFC332C3F6FA10074665E /* MenuRow.ViewModel.swift */; };
		4AFFFC362C3F90310074665E /* MenuList.ViewModel.swift in Sources */ = {isa = PBXBuildFile; fileRef = 4AFFFC352C3F90310074665E /* MenuList.ViewModel.swift */; };
		4AFFFC382C3F905A0074665E /* MenuListViewModelTests.swift in Sources */ = {isa = PBXBuildFile; fileRef = 4AFFFC372C3F905A0074665E /* MenuListViewModelTests.swift */; };
		4AFFFC3A2C3F93240074665E /* MenuFetching.swift in Sources */ = {isa = PBXBuildFile; fileRef = 4AFFFC392C3F93240074665E /* MenuFetching.swift */; };
		4AFFFC3C2C3F94050074665E /* MenuFetchingSample.swift in Sources */ = {isa = PBXBuildFile; fileRef = 4AFFFC3B2C3F94050074665E /* MenuFetchingSample.swift */; };
		4AFFFC3E2C3FA8D70074665E /* MenuFetchingStub.swift in Sources */ = {isa = PBXBuildFile; fileRef = 4AFFFC3D2C3FA8D70074665E /* MenuFetchingStub.swift */; };
/* End PBXBuildFile section */

/* Begin PBXContainerItemProxy section */
		4AFFFC052C3E40660074665E /* PBXContainerItemProxy */ = {
			isa = PBXContainerItemProxy;
			containerPortal = 4AFFFBEC2C3E40640074665E /* Project object */;
			proxyType = 1;
			remoteGlobalIDString = 4AFFFBF32C3E40640074665E;
			remoteInfo = Albertos;
		};
		4AFFFC0F2C3E40660074665E /* PBXContainerItemProxy */ = {
			isa = PBXContainerItemProxy;
			containerPortal = 4AFFFBEC2C3E40640074665E /* Project object */;
			proxyType = 1;
			remoteGlobalIDString = 4AFFFBF32C3E40640074665E;
			remoteInfo = Albertos;
		};
/* End PBXContainerItemProxy section */

/* Begin PBXFileReference section */
		4A29B95A2C40AED0008DD083 /* MenuItemTests.swift */ = {isa = PBXFileReference; lastKnownFileType = sourcecode.swift; path = MenuItemTests.swift; sourceTree = "<group>"; };
		4A29B95C2C40B19C008DD083 /* menu_item.json */ = {isa = PBXFileReference; lastKnownFileType = text.json; path = menu_item.json; sourceTree = "<group>"; };
		4A29B95E2C40B498008DD083 /* XCTestCase+JSON.swift */ = {isa = PBXFileReference; lastKnownFileType = sourcecode.swift; path = "XCTestCase+JSON.swift"; sourceTree = "<group>"; };
		4A29B9602C40BD29008DD083 /* MenuFetcher.swift */ = {isa = PBXFileReference; lastKnownFileType = sourcecode.swift; path = MenuFetcher.swift; sourceTree = "<group>"; };
		4A29B9622C40BD37008DD083 /* MenuFetcherTests.swift */ = {isa = PBXFileReference; lastKnownFileType = sourcecode.swift; path = MenuFetcherTests.swift; sourceTree = "<group>"; };
		4A29B9642C40C8D1008DD083 /* NetworkFetching.swift */ = {isa = PBXFileReference; lastKnownFileType = sourcecode.swift; path = NetworkFetching.swift; sourceTree = "<group>"; };
		4A29B9662C40C8E9008DD083 /* URLSession+NetworkFetching.swift */ = {isa = PBXFileReference; lastKnownFileType = sourcecode.swift; path = "URLSession+NetworkFetching.swift"; sourceTree = "<group>"; };
		4AFFFBF42C3E40640074665E /* Albertos.app */ = {isa = PBXFileReference; explicitFileType = wrapper.application; includeInIndex = 0; path = Albertos.app; sourceTree = BUILT_PRODUCTS_DIR; };
		4AFFFBF72C3E40640074665E /* AlbertosApp.swift */ = {isa = PBXFileReference; lastKnownFileType = sourcecode.swift; path = AlbertosApp.swift; sourceTree = "<group>"; };
		4AFFFBF92C3E40640074665E /* MenuList.swift */ = {isa = PBXFileReference; lastKnownFileType = sourcecode.swift; path = MenuList.swift; sourceTree = "<group>"; };
		4AFFFBFB2C3E40660074665E /* Assets.xcassets */ = {isa = PBXFileReference; lastKnownFileType = folder.assetcatalog; path = Assets.xcassets; sourceTree = "<group>"; };
		4AFFFBFE2C3E40660074665E /* Preview Assets.xcassets */ = {isa = PBXFileReference; lastKnownFileType = folder.assetcatalog; path = "Preview Assets.xcassets"; sourceTree = "<group>"; };
		4AFFFC042C3E40660074665E /* AlbertosTests.xctest */ = {isa = PBXFileReference; explicitFileType = wrapper.cfbundle; includeInIndex = 0; path = AlbertosTests.xctest; sourceTree = BUILT_PRODUCTS_DIR; };
		4AFFFC082C3E40660074665E /* MenuGroupingTests.swift */ = {isa = PBXFileReference; lastKnownFileType = sourcecode.swift; path = MenuGroupingTests.swift; sourceTree = "<group>"; };
		4AFFFC0E2C3E40660074665E /* AlbertosUITests.xctest */ = {isa = PBXFileReference; explicitFileType = wrapper.cfbundle; includeInIndex = 0; path = AlbertosUITests.xctest; sourceTree = BUILT_PRODUCTS_DIR; };
		4AFFFC122C3E40660074665E /* AlbertosUITests.swift */ = {isa = PBXFileReference; lastKnownFileType = sourcecode.swift; path = AlbertosUITests.swift; sourceTree = "<group>"; };
		4AFFFC142C3E40660074665E /* AlbertosUITestsLaunchTests.swift */ = {isa = PBXFileReference; lastKnownFileType = sourcecode.swift; path = AlbertosUITestsLaunchTests.swift; sourceTree = "<group>"; };
		4AFFFC212C3E42CF0074665E /* MenuItem.swift */ = {isa = PBXFileReference; lastKnownFileType = sourcecode.swift; path = MenuItem.swift; sourceTree = "<group>"; };
		4AFFFC232C3E42EA0074665E /* MenuSection.swift */ = {isa = PBXFileReference; lastKnownFileType = sourcecode.swift; path = MenuSection.swift; sourceTree = "<group>"; };
		4AFFFC292C3F5F8F0074665E /* Array+Safe.swift */ = {isa = PBXFileReference; lastKnownFileType = sourcecode.swift; path = "Array+Safe.swift"; sourceTree = "<group>"; };
		4AFFFC2B2C3F5FA40074665E /* MenuItem+Fixture.swift */ = {isa = PBXFileReference; lastKnownFileType = sourcecode.swift; path = "MenuItem+Fixture.swift"; sourceTree = "<group>"; };
		4AFFFC2D2C3F69910074665E /* MenuSection+Fixture.swift */ = {isa = PBXFileReference; lastKnownFileType = sourcecode.swift; path = "MenuSection+Fixture.swift"; sourceTree = "<group>"; };
		4AFFFC2F2C3F6CC40074665E /* MenuRow.swift */ = {isa = PBXFileReference; lastKnownFileType = sourcecode.swift; path = MenuRow.swift; sourceTree = "<group>"; };
		4AFFFC312C3F6D340074665E /* MenuRowViewModelTests.swift */ = {isa = PBXFileReference; lastKnownFileType = sourcecode.swift; path = MenuRowViewModelTests.swift; sourceTree = "<group>"; };
		4AFFFC332C3F6FA10074665E /* MenuRow.ViewModel.swift */ = {isa = PBXFileReference; lastKnownFileType = sourcecode.swift; path = MenuRow.ViewModel.swift; sourceTree = "<group>"; };
		4AFFFC352C3F90310074665E /* MenuList.ViewModel.swift */ = {isa = PBXFileReference; lastKnownFileType = sourcecode.swift; path = MenuList.ViewModel.swift; sourceTree = "<group>"; };
		4AFFFC372C3F905A0074665E /* MenuListViewModelTests.swift */ = {isa = PBXFileReference; lastKnownFileType = sourcecode.swift; path = MenuListViewModelTests.swift; sourceTree = "<group>"; };
		4AFFFC392C3F93240074665E /* MenuFetching.swift */ = {isa = PBXFileReference; lastKnownFileType = sourcecode.swift; path = MenuFetching.swift; sourceTree = "<group>"; };
		4AFFFC3B2C3F94050074665E /* MenuFetchingSample.swift */ = {isa = PBXFileReference; lastKnownFileType = sourcecode.swift; path = MenuFetchingSample.swift; sourceTree = "<group>"; };
		4AFFFC3D2C3FA8D70074665E /* MenuFetchingStub.swift */ = {isa = PBXFileReference; lastKnownFileType = sourcecode.swift; path = MenuFetchingStub.swift; sourceTree = "<group>"; };
/* End PBXFileReference section */

/* Begin PBXFrameworksBuildPhase section */
		4AFFFBF12C3E40640074665E /* Frameworks */ = {
			isa = PBXFrameworksBuildPhase;
			buildActionMask = 2147483647;
			files = (
			);
			runOnlyForDeploymentPostprocessing = 0;
		};
		4AFFFC012C3E40660074665E /* Frameworks */ = {
			isa = PBXFrameworksBuildPhase;
			buildActionMask = 2147483647;
			files = (
			);
			runOnlyForDeploymentPostprocessing = 0;
		};
		4AFFFC0B2C3E40660074665E /* Frameworks */ = {
			isa = PBXFrameworksBuildPhase;
			buildActionMask = 2147483647;
			files = (
			);
			runOnlyForDeploymentPostprocessing = 0;
		};
/* End PBXFrameworksBuildPhase section */

/* Begin PBXGroup section */
		4AFFFBEB2C3E40640074665E = {
			isa = PBXGroup;
			children = (
				4AFFFBF62C3E40640074665E /* Albertos */,
				4AFFFC072C3E40660074665E /* AlbertosTests */,
				4AFFFC112C3E40660074665E /* AlbertosUITests */,
				4AFFFBF52C3E40640074665E /* Products */,
			);
			sourceTree = "<group>";
		};
		4AFFFBF52C3E40640074665E /* Products */ = {
			isa = PBXGroup;
			children = (
				4AFFFBF42C3E40640074665E /* Albertos.app */,
				4AFFFC042C3E40660074665E /* AlbertosTests.xctest */,
				4AFFFC0E2C3E40660074665E /* AlbertosUITests.xctest */,
			);
			name = Products;
			sourceTree = "<group>";
		};
		4AFFFBF62C3E40640074665E /* Albertos */ = {
			isa = PBXGroup;
			children = (
				4AFFFBF72C3E40640074665E /* AlbertosApp.swift */,
				4AFFFBF92C3E40640074665E /* MenuList.swift */,
				4AFFFC352C3F90310074665E /* MenuList.ViewModel.swift */,
				4AFFFC2F2C3F6CC40074665E /* MenuRow.swift */,
				4AFFFC332C3F6FA10074665E /* MenuRow.ViewModel.swift */,
				4AFFFC392C3F93240074665E /* MenuFetching.swift */,
				4AFFFC3B2C3F94050074665E /* MenuFetchingSample.swift */,
				4A29B9602C40BD29008DD083 /* MenuFetcher.swift */,
				4A29B9642C40C8D1008DD083 /* NetworkFetching.swift */,
				4A29B9662C40C8E9008DD083 /* URLSession+NetworkFetching.swift */,
				4AFFFBFB2C3E40660074665E /* Assets.xcassets */,
				4AFFFBFD2C3E40660074665E /* Preview Content */,
				4AFFFC232C3E42EA0074665E /* MenuSection.swift */,
				4AFFFC212C3E42CF0074665E /* MenuItem.swift */,
			);
			path = Albertos;
			sourceTree = "<group>";
		};
		4AFFFBFD2C3E40660074665E /* Preview Content */ = {
			isa = PBXGroup;
			children = (
				4AFFFBFE2C3E40660074665E /* Preview Assets.xcassets */,
			);
			path = "Preview Content";
			sourceTree = "<group>";
		};
		4AFFFC072C3E40660074665E /* AlbertosTests */ = {
			isa = PBXGroup;
			children = (
				4AFFFC082C3E40660074665E /* MenuGroupingTests.swift */,
				4AFFFC292C3F5F8F0074665E /* Array+Safe.swift */,
				4AFFFC2B2C3F5FA40074665E /* MenuItem+Fixture.swift */,
				4AFFFC2D2C3F69910074665E /* MenuSection+Fixture.swift */,
				4AFFFC312C3F6D340074665E /* MenuRowViewModelTests.swift */,
				4AFFFC372C3F905A0074665E /* MenuListViewModelTests.swift */,
				4AFFFC3D2C3FA8D70074665E /* MenuFetchingStub.swift */,
				4A29B95A2C40AED0008DD083 /* MenuItemTests.swift */,
				4A29B95C2C40B19C008DD083 /* menu_item.json */,
				4A29B95E2C40B498008DD083 /* XCTestCase+JSON.swift */,
				4A29B9622C40BD37008DD083 /* MenuFetcherTests.swift */,
			);
			path = AlbertosTests;
			sourceTree = "<group>";
		};
		4AFFFC112C3E40660074665E /* AlbertosUITests */ = {
			isa = PBXGroup;
			children = (
				4AFFFC122C3E40660074665E /* AlbertosUITests.swift */,
				4AFFFC142C3E40660074665E /* AlbertosUITestsLaunchTests.swift */,
			);
			path = AlbertosUITests;
			sourceTree = "<group>";
		};
/* End PBXGroup section */

/* Begin PBXNativeTarget section */
		4AFFFBF32C3E40640074665E /* Albertos */ = {
			isa = PBXNativeTarget;
			buildConfigurationList = 4AFFFC182C3E40660074665E /* Build configuration list for PBXNativeTarget "Albertos" */;
			buildPhases = (
				4AFFFBF02C3E40640074665E /* Sources */,
				4AFFFBF12C3E40640074665E /* Frameworks */,
				4AFFFBF22C3E40640074665E /* Resources */,
			);
			buildRules = (
			);
			dependencies = (
			);
			name = Albertos;
			productName = Albertos;
			productReference = 4AFFFBF42C3E40640074665E /* Albertos.app */;
			productType = "com.apple.product-type.application";
		};
		4AFFFC032C3E40660074665E /* AlbertosTests */ = {
			isa = PBXNativeTarget;
			buildConfigurationList = 4AFFFC1B2C3E40660074665E /* Build configuration list for PBXNativeTarget "AlbertosTests" */;
			buildPhases = (
				4AFFFC002C3E40660074665E /* Sources */,
				4AFFFC012C3E40660074665E /* Frameworks */,
				4AFFFC022C3E40660074665E /* Resources */,
			);
			buildRules = (
			);
			dependencies = (
				4AFFFC062C3E40660074665E /* PBXTargetDependency */,
			);
			name = AlbertosTests;
			productName = AlbertosTests;
			productReference = 4AFFFC042C3E40660074665E /* AlbertosTests.xctest */;
			productType = "com.apple.product-type.bundle.unit-test";
		};
		4AFFFC0D2C3E40660074665E /* AlbertosUITests */ = {
			isa = PBXNativeTarget;
			buildConfigurationList = 4AFFFC1E2C3E40660074665E /* Build configuration list for PBXNativeTarget "AlbertosUITests" */;
			buildPhases = (
				4AFFFC0A2C3E40660074665E /* Sources */,
				4AFFFC0B2C3E40660074665E /* Frameworks */,
				4AFFFC0C2C3E40660074665E /* Resources */,
			);
			buildRules = (
			);
			dependencies = (
				4AFFFC102C3E40660074665E /* PBXTargetDependency */,
			);
			name = AlbertosUITests;
			productName = AlbertosUITests;
			productReference = 4AFFFC0E2C3E40660074665E /* AlbertosUITests.xctest */;
			productType = "com.apple.product-type.bundle.ui-testing";
		};
/* End PBXNativeTarget section */

/* Begin PBXProject section */
		4AFFFBEC2C3E40640074665E /* Project object */ = {
			isa = PBXProject;
			attributes = {
				BuildIndependentTargetsInParallel = 1;
				LastSwiftUpdateCheck = 1540;
				LastUpgradeCheck = 1540;
				TargetAttributes = {
					4AFFFBF32C3E40640074665E = {
						CreatedOnToolsVersion = 15.4;
					};
					4AFFFC032C3E40660074665E = {
						CreatedOnToolsVersion = 15.4;
						TestTargetID = 4AFFFBF32C3E40640074665E;
					};
					4AFFFC0D2C3E40660074665E = {
						CreatedOnToolsVersion = 15.4;
						TestTargetID = 4AFFFBF32C3E40640074665E;
					};
				};
			};
			buildConfigurationList = 4AFFFBEF2C3E40640074665E /* Build configuration list for PBXProject "Albertos" */;
			compatibilityVersion = "Xcode 14.0";
			developmentRegion = en;
			hasScannedForEncodings = 0;
			knownRegions = (
				en,
				Base,
			);
			mainGroup = 4AFFFBEB2C3E40640074665E;
			productRefGroup = 4AFFFBF52C3E40640074665E /* Products */;
			projectDirPath = "";
			projectRoot = "";
			targets = (
				4AFFFBF32C3E40640074665E /* Albertos */,
				4AFFFC032C3E40660074665E /* AlbertosTests */,
				4AFFFC0D2C3E40660074665E /* AlbertosUITests */,
			);
		};
/* End PBXProject section */

/* Begin PBXResourcesBuildPhase section */
		4AFFFBF22C3E40640074665E /* Resources */ = {
			isa = PBXResourcesBuildPhase;
			buildActionMask = 2147483647;
			files = (
				4AFFFBFF2C3E40660074665E /* Preview Assets.xcassets in Resources */,
				4AFFFBFC2C3E40660074665E /* Assets.xcassets in Resources */,
			);
			runOnlyForDeploymentPostprocessing = 0;
		};
		4AFFFC022C3E40660074665E /* Resources */ = {
			isa = PBXResourcesBuildPhase;
			buildActionMask = 2147483647;
			files = (
				4A29B95D2C40B19C008DD083 /* menu_item.json in Resources */,
			);
			runOnlyForDeploymentPostprocessing = 0;
		};
		4AFFFC0C2C3E40660074665E /* Resources */ = {
			isa = PBXResourcesBuildPhase;
			buildActionMask = 2147483647;
			files = (
			);
			runOnlyForDeploymentPostprocessing = 0;
		};
/* End PBXResourcesBuildPhase section */

/* Begin PBXSourcesBuildPhase section */
		4AFFFBF02C3E40640074665E /* Sources */ = {
			isa = PBXSourcesBuildPhase;
			buildActionMask = 2147483647;
			files = (
				4A29B9612C40BD29008DD083 /* MenuFetcher.swift in Sources */,
				4AFFFC362C3F90310074665E /* MenuList.ViewModel.swift in Sources */,
				4A29B9672C40C8E9008DD083 /* URLSession+NetworkFetching.swift in Sources */,
				4AFFFC222C3E42CF0074665E /* MenuItem.swift in Sources */,
				4AFFFC3A2C3F93240074665E /* MenuFetching.swift in Sources */,
				4A29B9652C40C8D1008DD083 /* NetworkFetching.swift in Sources */,
				4AFFFBFA2C3E40640074665E /* MenuList.swift in Sources */,
				4AFFFC242C3E42EA0074665E /* MenuSection.swift in Sources */,
				4AFFFC342C3F6FA10074665E /* MenuRow.ViewModel.swift in Sources */,
				4AFFFBF82C3E40640074665E /* AlbertosApp.swift in Sources */,
				4AFFFC3C2C3F94050074665E /* MenuFetchingSample.swift in Sources */,
				4AFFFC302C3F6CC40074665E /* MenuRow.swift in Sources */,
			);
			runOnlyForDeploymentPostprocessing = 0;
		};
		4AFFFC002C3E40660074665E /* Sources */ = {
			isa = PBXSourcesBuildPhase;
			buildActionMask = 2147483647;
			files = (
				4A29B9632C40BD37008DD083 /* MenuFetcherTests.swift in Sources */,
				4A29B95F2C40B498008DD083 /* XCTestCase+JSON.swift in Sources */,
				4AFFFC2E2C3F69910074665E /* MenuSection+Fixture.swift in Sources */,
				4AFFFC382C3F905A0074665E /* MenuListViewModelTests.swift in Sources */,
				4AFFFC2A2C3F5F8F0074665E /* Array+Safe.swift in Sources */,
				4AFFFC2C2C3F5FA40074665E /* MenuItem+Fixture.swift in Sources */,
				4AFFFC322C3F6D340074665E /* MenuRowViewModelTests.swift in Sources */,
				4A29B95B2C40AED0008DD083 /* MenuItemTests.swift in Sources */,
				4AFFFC092C3E40660074665E /* MenuGroupingTests.swift in Sources */,
				4AFFFC3E2C3FA8D70074665E /* MenuFetchingStub.swift in Sources */,
			);
			runOnlyForDeploymentPostprocessing = 0;
		};
		4AFFFC0A2C3E40660074665E /* Sources */ = {
			isa = PBXSourcesBuildPhase;
			buildActionMask = 2147483647;
			files = (
				4AFFFC152C3E40660074665E /* AlbertosUITestsLaunchTests.swift in Sources */,
				4AFFFC132C3E40660074665E /* AlbertosUITests.swift in Sources */,
			);
			runOnlyForDeploymentPostprocessing = 0;
		};
/* End PBXSourcesBuildPhase section */

/* Begin PBXTargetDependency section */
		4AFFFC062C3E40660074665E /* PBXTargetDependency */ = {
			isa = PBXTargetDependency;
			target = 4AFFFBF32C3E40640074665E /* Albertos */;
			targetProxy = 4AFFFC052C3E40660074665E /* PBXContainerItemProxy */;
		};
		4AFFFC102C3E40660074665E /* PBXTargetDependency */ = {
			isa = PBXTargetDependency;
			target = 4AFFFBF32C3E40640074665E /* Albertos */;
			targetProxy = 4AFFFC0F2C3E40660074665E /* PBXContainerItemProxy */;
		};
/* End PBXTargetDependency section */

/* Begin XCBuildConfiguration section */
		4AFFFC162C3E40660074665E /* Debug */ = {
			isa = XCBuildConfiguration;
			buildSettings = {
				ALWAYS_SEARCH_USER_PATHS = NO;
				ASSETCATALOG_COMPILER_GENERATE_SWIFT_ASSET_SYMBOL_EXTENSIONS = YES;
				CLANG_ANALYZER_NONNULL = YES;
				CLANG_ANALYZER_NUMBER_OBJECT_CONVERSION = YES_AGGRESSIVE;
				CLANG_CXX_LANGUAGE_STANDARD = "gnu++20";
				CLANG_ENABLE_MODULES = YES;
				CLANG_ENABLE_OBJC_ARC = YES;
				CLANG_ENABLE_OBJC_WEAK = YES;
				CLANG_WARN_BLOCK_CAPTURE_AUTORELEASING = YES;
				CLANG_WARN_BOOL_CONVERSION = YES;
				CLANG_WARN_COMMA = YES;
				CLANG_WARN_CONSTANT_CONVERSION = YES;
				CLANG_WARN_DEPRECATED_OBJC_IMPLEMENTATIONS = YES;
				CLANG_WARN_DIRECT_OBJC_ISA_USAGE = YES_ERROR;
				CLANG_WARN_DOCUMENTATION_COMMENTS = YES;
				CLANG_WARN_EMPTY_BODY = YES;
				CLANG_WARN_ENUM_CONVERSION = YES;
				CLANG_WARN_INFINITE_RECURSION = YES;
				CLANG_WARN_INT_CONVERSION = YES;
				CLANG_WARN_NON_LITERAL_NULL_CONVERSION = YES;
				CLANG_WARN_OBJC_IMPLICIT_RETAIN_SELF = YES;
				CLANG_WARN_OBJC_LITERAL_CONVERSION = YES;
				CLANG_WARN_OBJC_ROOT_CLASS = YES_ERROR;
				CLANG_WARN_QUOTED_INCLUDE_IN_FRAMEWORK_HEADER = YES;
				CLANG_WARN_RANGE_LOOP_ANALYSIS = YES;
				CLANG_WARN_STRICT_PROTOTYPES = YES;
				CLANG_WARN_SUSPICIOUS_MOVE = YES;
				CLANG_WARN_UNGUARDED_AVAILABILITY = YES_AGGRESSIVE;
				CLANG_WARN_UNREACHABLE_CODE = YES;
				CLANG_WARN__DUPLICATE_METHOD_MATCH = YES;
				COPY_PHASE_STRIP = NO;
				DEBUG_INFORMATION_FORMAT = dwarf;
				ENABLE_STRICT_OBJC_MSGSEND = YES;
				ENABLE_TESTABILITY = YES;
				ENABLE_USER_SCRIPT_SANDBOXING = YES;
				GCC_C_LANGUAGE_STANDARD = gnu17;
				GCC_DYNAMIC_NO_PIC = NO;
				GCC_NO_COMMON_BLOCKS = YES;
				GCC_OPTIMIZATION_LEVEL = 0;
				GCC_PREPROCESSOR_DEFINITIONS = (
					"DEBUG=1",
					"$(inherited)",
				);
				GCC_WARN_64_TO_32_BIT_CONVERSION = YES;
				GCC_WARN_ABOUT_RETURN_TYPE = YES_ERROR;
				GCC_WARN_UNDECLARED_SELECTOR = YES;
				GCC_WARN_UNINITIALIZED_AUTOS = YES_AGGRESSIVE;
				GCC_WARN_UNUSED_FUNCTION = YES;
				GCC_WARN_UNUSED_VARIABLE = YES;
				IPHONEOS_DEPLOYMENT_TARGET = 17.5;
				LOCALIZATION_PREFERS_STRING_CATALOGS = YES;
				MTL_ENABLE_DEBUG_INFO = INCLUDE_SOURCE;
				MTL_FAST_MATH = YES;
				ONLY_ACTIVE_ARCH = YES;
				SDKROOT = iphoneos;
				SWIFT_ACTIVE_COMPILATION_CONDITIONS = "DEBUG $(inherited)";
				SWIFT_OPTIMIZATION_LEVEL = "-Onone";
			};
			name = Debug;
		};
		4AFFFC172C3E40660074665E /* Release */ = {
			isa = XCBuildConfiguration;
			buildSettings = {
				ALWAYS_SEARCH_USER_PATHS = NO;
				ASSETCATALOG_COMPILER_GENERATE_SWIFT_ASSET_SYMBOL_EXTENSIONS = YES;
				CLANG_ANALYZER_NONNULL = YES;
				CLANG_ANALYZER_NUMBER_OBJECT_CONVERSION = YES_AGGRESSIVE;
				CLANG_CXX_LANGUAGE_STANDARD = "gnu++20";
				CLANG_ENABLE_MODULES = YES;
				CLANG_ENABLE_OBJC_ARC = YES;
				CLANG_ENABLE_OBJC_WEAK = YES;
				CLANG_WARN_BLOCK_CAPTURE_AUTORELEASING = YES;
				CLANG_WARN_BOOL_CONVERSION = YES;
				CLANG_WARN_COMMA = YES;
				CLANG_WARN_CONSTANT_CONVERSION = YES;
				CLANG_WARN_DEPRECATED_OBJC_IMPLEMENTATIONS = YES;
				CLANG_WARN_DIRECT_OBJC_ISA_USAGE = YES_ERROR;
				CLANG_WARN_DOCUMENTATION_COMMENTS = YES;
				CLANG_WARN_EMPTY_BODY = YES;
				CLANG_WARN_ENUM_CONVERSION = YES;
				CLANG_WARN_INFINITE_RECURSION = YES;
				CLANG_WARN_INT_CONVERSION = YES;
				CLANG_WARN_NON_LITERAL_NULL_CONVERSION = YES;
				CLANG_WARN_OBJC_IMPLICIT_RETAIN_SELF = YES;
				CLANG_WARN_OBJC_LITERAL_CONVERSION = YES;
				CLANG_WARN_OBJC_ROOT_CLASS = YES_ERROR;
				CLANG_WARN_QUOTED_INCLUDE_IN_FRAMEWORK_HEADER = YES;
				CLANG_WARN_RANGE_LOOP_ANALYSIS = YES;
				CLANG_WARN_STRICT_PROTOTYPES = YES;
				CLANG_WARN_SUSPICIOUS_MOVE = YES;
				CLANG_WARN_UNGUARDED_AVAILABILITY = YES_AGGRESSIVE;
				CLANG_WARN_UNREACHABLE_CODE = YES;
				CLANG_WARN__DUPLICATE_METHOD_MATCH = YES;
				COPY_PHASE_STRIP = NO;
				DEBUG_INFORMATION_FORMAT = "dwarf-with-dsym";
				ENABLE_NS_ASSERTIONS = NO;
				ENABLE_STRICT_OBJC_MSGSEND = YES;
				ENABLE_USER_SCRIPT_SANDBOXING = YES;
				GCC_C_LANGUAGE_STANDARD = gnu17;
				GCC_NO_COMMON_BLOCKS = YES;
				GCC_WARN_64_TO_32_BIT_CONVERSION = YES;
				GCC_WARN_ABOUT_RETURN_TYPE = YES_ERROR;
				GCC_WARN_UNDECLARED_SELECTOR = YES;
				GCC_WARN_UNINITIALIZED_AUTOS = YES_AGGRESSIVE;
				GCC_WARN_UNUSED_FUNCTION = YES;
				GCC_WARN_UNUSED_VARIABLE = YES;
				IPHONEOS_DEPLOYMENT_TARGET = 17.5;
				LOCALIZATION_PREFERS_STRING_CATALOGS = YES;
				MTL_ENABLE_DEBUG_INFO = NO;
				MTL_FAST_MATH = YES;
				SDKROOT = iphoneos;
				SWIFT_COMPILATION_MODE = wholemodule;
				VALIDATE_PRODUCT = YES;
			};
			name = Release;
		};
		4AFFFC192C3E40660074665E /* Debug */ = {
			isa = XCBuildConfiguration;
			buildSettings = {
				ASSETCATALOG_COMPILER_APPICON_NAME = AppIcon;
				ASSETCATALOG_COMPILER_GLOBAL_ACCENT_COLOR_NAME = AccentColor;
				CODE_SIGN_STYLE = Automatic;
				CURRENT_PROJECT_VERSION = 1;
				DEVELOPMENT_ASSET_PATHS = "\"Albertos/Preview Content\"";
				DEVELOPMENT_TEAM = 2TXBC7N5Q5;
				ENABLE_PREVIEWS = YES;
				GENERATE_INFOPLIST_FILE = YES;
				INFOPLIST_KEY_UIApplicationSceneManifest_Generation = YES;
				INFOPLIST_KEY_UIApplicationSupportsIndirectInputEvents = YES;
				INFOPLIST_KEY_UILaunchScreen_Generation = YES;
				INFOPLIST_KEY_UISupportedInterfaceOrientations_iPad = "UIInterfaceOrientationPortrait UIInterfaceOrientationPortraitUpsideDown UIInterfaceOrientationLandscapeLeft UIInterfaceOrientationLandscapeRight";
				INFOPLIST_KEY_UISupportedInterfaceOrientations_iPhone = "UIInterfaceOrientationPortrait UIInterfaceOrientationLandscapeLeft UIInterfaceOrientationLandscapeRight";
				LD_RUNPATH_SEARCH_PATHS = (
					"$(inherited)",
					"@executable_path/Frameworks",
				);
				MARKETING_VERSION = 1.0;
				PRODUCT_BUNDLE_IDENTIFIER = com.mabataki.smithwrld999.Albertos;
				PRODUCT_NAME = "$(TARGET_NAME)";
				SWIFT_EMIT_LOC_STRINGS = YES;
				SWIFT_VERSION = 5.0;
				TARGETED_DEVICE_FAMILY = "1,2";
			};
			name = Debug;
		};
		4AFFFC1A2C3E40660074665E /* Release */ = {
			isa = XCBuildConfiguration;
			buildSettings = {
				ASSETCATALOG_COMPILER_APPICON_NAME = AppIcon;
				ASSETCATALOG_COMPILER_GLOBAL_ACCENT_COLOR_NAME = AccentColor;
				CODE_SIGN_STYLE = Automatic;
				CURRENT_PROJECT_VERSION = 1;
				DEVELOPMENT_ASSET_PATHS = "\"Albertos/Preview Content\"";
				DEVELOPMENT_TEAM = 2TXBC7N5Q5;
				ENABLE_PREVIEWS = YES;
				GENERATE_INFOPLIST_FILE = YES;
				INFOPLIST_KEY_UIApplicationSceneManifest_Generation = YES;
				INFOPLIST_KEY_UIApplicationSupportsIndirectInputEvents = YES;
				INFOPLIST_KEY_UILaunchScreen_Generation = YES;
				INFOPLIST_KEY_UISupportedInterfaceOrientations_iPad = "UIInterfaceOrientationPortrait UIInterfaceOrientationPortraitUpsideDown UIInterfaceOrientationLandscapeLeft UIInterfaceOrientationLandscapeRight";
				INFOPLIST_KEY_UISupportedInterfaceOrientations_iPhone = "UIInterfaceOrientationPortrait UIInterfaceOrientationLandscapeLeft UIInterfaceOrientationLandscapeRight";
				LD_RUNPATH_SEARCH_PATHS = (
					"$(inherited)",
					"@executable_path/Frameworks",
				);
				MARKETING_VERSION = 1.0;
				PRODUCT_BUNDLE_IDENTIFIER = com.mabataki.smithwrld999.Albertos;
				PRODUCT_NAME = "$(TARGET_NAME)";
				SWIFT_EMIT_LOC_STRINGS = YES;
				SWIFT_VERSION = 5.0;
				TARGETED_DEVICE_FAMILY = "1,2";
			};
			name = Release;
		};
		4AFFFC1C2C3E40660074665E /* Debug */ = {
			isa = XCBuildConfiguration;
			buildSettings = {
				ALWAYS_EMBED_SWIFT_STANDARD_LIBRARIES = YES;
				BUNDLE_LOADER = "$(TEST_HOST)";
				CODE_SIGN_STYLE = Automatic;
				CURRENT_PROJECT_VERSION = 1;
				DEVELOPMENT_TEAM = 2TXBC7N5Q5;
				GENERATE_INFOPLIST_FILE = YES;
				IPHONEOS_DEPLOYMENT_TARGET = 17.5;
				MARKETING_VERSION = 1.0;
				PRODUCT_BUNDLE_IDENTIFIER = com.mabataki.smithwrld999.AlbertosTests;
				PRODUCT_NAME = "$(TARGET_NAME)";
				SWIFT_EMIT_LOC_STRINGS = NO;
				SWIFT_VERSION = 5.0;
				TARGETED_DEVICE_FAMILY = "1,2";
				TEST_HOST = "$(BUILT_PRODUCTS_DIR)/Albertos.app/$(BUNDLE_EXECUTABLE_FOLDER_PATH)/Albertos";
			};
			name = Debug;
		};
		4AFFFC1D2C3E40660074665E /* Release */ = {
			isa = XCBuildConfiguration;
			buildSettings = {
				ALWAYS_EMBED_SWIFT_STANDARD_LIBRARIES = YES;
				BUNDLE_LOADER = "$(TEST_HOST)";
				CODE_SIGN_STYLE = Automatic;
				CURRENT_PROJECT_VERSION = 1;
				DEVELOPMENT_TEAM = 2TXBC7N5Q5;
				GENERATE_INFOPLIST_FILE = YES;
				IPHONEOS_DEPLOYMENT_TARGET = 17.5;
				MARKETING_VERSION = 1.0;
				PRODUCT_BUNDLE_IDENTIFIER = com.mabataki.smithwrld999.AlbertosTests;
				PRODUCT_NAME = "$(TARGET_NAME)";
				SWIFT_EMIT_LOC_STRINGS = NO;
				SWIFT_VERSION = 5.0;
				TARGETED_DEVICE_FAMILY = "1,2";
				TEST_HOST = "$(BUILT_PRODUCTS_DIR)/Albertos.app/$(BUNDLE_EXECUTABLE_FOLDER_PATH)/Albertos";
			};
			name = Release;
		};
		4AFFFC1F2C3E40660074665E /* Debug */ = {
			isa = XCBuildConfiguration;
			buildSettings = {
				ALWAYS_EMBED_SWIFT_STANDARD_LIBRARIES = YES;
				CODE_SIGN_STYLE = Automatic;
				CURRENT_PROJECT_VERSION = 1;
				DEVELOPMENT_TEAM = 2TXBC7N5Q5;
				GENERATE_INFOPLIST_FILE = YES;
				MARKETING_VERSION = 1.0;
				PRODUCT_BUNDLE_IDENTIFIER = com.mabataki.smithwrld999.AlbertosUITests;
				PRODUCT_NAME = "$(TARGET_NAME)";
				SWIFT_EMIT_LOC_STRINGS = NO;
				SWIFT_VERSION = 5.0;
				TARGETED_DEVICE_FAMILY = "1,2";
				TEST_TARGET_NAME = Albertos;
			};
			name = Debug;
		};
		4AFFFC202C3E40660074665E /* Release */ = {
			isa = XCBuildConfiguration;
			buildSettings = {
				ALWAYS_EMBED_SWIFT_STANDARD_LIBRARIES = YES;
				CODE_SIGN_STYLE = Automatic;
				CURRENT_PROJECT_VERSION = 1;
				DEVELOPMENT_TEAM = 2TXBC7N5Q5;
				GENERATE_INFOPLIST_FILE = YES;
				MARKETING_VERSION = 1.0;
				PRODUCT_BUNDLE_IDENTIFIER = com.mabataki.smithwrld999.AlbertosUITests;
				PRODUCT_NAME = "$(TARGET_NAME)";
				SWIFT_EMIT_LOC_STRINGS = NO;
				SWIFT_VERSION = 5.0;
				TARGETED_DEVICE_FAMILY = "1,2";
				TEST_TARGET_NAME = Albertos;
			};
			name = Release;
		};
/* End XCBuildConfiguration section */

/* Begin XCConfigurationList section */
		4AFFFBEF2C3E40640074665E /* Build configuration list for PBXProject "Albertos" */ = {
			isa = XCConfigurationList;
			buildConfigurations = (
				4AFFFC162C3E40660074665E /* Debug */,
				4AFFFC172C3E40660074665E /* Release */,
			);
			defaultConfigurationIsVisible = 0;
			defaultConfigurationName = Release;
		};
		4AFFFC182C3E40660074665E /* Build configuration list for PBXNativeTarget "Albertos" */ = {
			isa = XCConfigurationList;
			buildConfigurations = (
				4AFFFC192C3E40660074665E /* Debug */,
				4AFFFC1A2C3E40660074665E /* Release */,
			);
			defaultConfigurationIsVisible = 0;
			defaultConfigurationName = Release;
		};
		4AFFFC1B2C3E40660074665E /* Build configuration list for PBXNativeTarget "AlbertosTests" */ = {
			isa = XCConfigurationList;
			buildConfigurations = (
				4AFFFC1C2C3E40660074665E /* Debug */,
				4AFFFC1D2C3E40660074665E /* Release */,
			);
			defaultConfigurationIsVisible = 0;
			defaultConfigurationName = Release;
		};
		4AFFFC1E2C3E40660074665E /* Build configuration list for PBXNativeTarget "AlbertosUITests" */ = {
			isa = XCConfigurationList;
			buildConfigurations = (
				4AFFFC1F2C3E40660074665E /* Debug */,
				4AFFFC202C3E40660074665E /* Release */,
			);
			defaultConfigurationIsVisible = 0;
			defaultConfigurationName = Release;
		};
/* End XCConfigurationList section */
	};
	rootObject = 4AFFFBEC2C3E40640074665E /* Project object */;
}
